// !$*UTF8*$!
{
       archiveVersion = 1;
       classes = {
       };
       objectVersion = 46;
       objects = {

/* Begin PBXAggregateTarget section */
              A617C2B75A3C4D1580760C0D /* ALL_BUILD */ = {
                     isa = PBXAggregateTarget;
                     buildConfigurationList = 9654F4A1923140129C2EAF74 /* Build configuration list for PBXAggregateTarget "ALL_BUILD" */;
                     buildPhases = (
                            E1359CB2AA55495EB75F3033 /* CMake Rules */,
                     );
                     dependencies = (
                            96E0E080635C426E97C89BF6 /* PBXTargetDependency */,
                            142FBC5C6F214BDD8512DB90 /* PBXTargetDependency */,
                            7FFAA117B71348138E338B99 /* PBXTargetDependency */,
                     );
                     name = ALL_BUILD;
                     productName = ALL_BUILD;
              };
              D82E16D92BDF40DCAFEE7BD3 /* ZERO_CHECK */ = {
                     isa = PBXAggregateTarget;
                     buildConfigurationList = 459E4A9E36564690823680D6 /* Build configuration list for PBXAggregateTarget "ZERO_CHECK" */;
                     buildPhases = (
                            591009DD38F14CDF89C7A0E8 /* CMake Rules */,
                     );
                     dependencies = (
                     );
                     name = ZERO_CHECK;
                     productName = ZERO_CHECK;
              };
/* End PBXAggregateTarget section */

/* Begin PBXBuildFile section */
5047C580FC3E474788B2872A /* /Users/elliotfiske/slumber/lab1/mac/CMakeLists.txt */ = {isa = PBXBuildFile; fileRef = D233FD644B7E428D89FCCFA2 /* /Users/elliotfiske/slumber/lab1/mac/CMakeLists.txt */; settings = { COMPILER_FLAGS = ""; }; };
8C7CC7BFAB0A4EA38EBF0F66 /* /Users/elliotfiske/slumber/lab1/mac/dependencies/glad/src/glad.c */ = {isa = PBXBuildFile; fileRef = B12747B269524A42B2000D89 /* /Users/elliotfiske/slumber/lab1/mac/dependencies/glad/src/glad.c */; settings = { COMPILER_FLAGS = ""; }; };
66DC0B5B686A44E8AFDBCDF7 /* /Users/elliotfiske/slumber/lab1/mac/source/GLIncludes.h */ = {isa = PBXBuildFile; fileRef = B8BB345C2F5B4F998ABEA008 /* /Users/elliotfiske/slumber/lab1/mac/source/GLIncludes.h */; settings = { COMPILER_FLAGS = ""; }; };
EF8DBA85DCB4444DA13AC1A0 /* /Users/elliotfiske/slumber/lab1/mac/source/GLSL.cpp */ = {isa = PBXBuildFile; fileRef = D568DD9DBE3F4AE48F801266 /* /Users/elliotfiske/slumber/lab1/mac/source/GLSL.cpp */; settings = { COMPILER_FLAGS = ""; }; };
C0584BB4FBEF48BFAF6E405B /* /Users/elliotfiske/slumber/lab1/mac/source/GLSL.h */ = {isa = PBXBuildFile; fileRef = F08B778F8A8D4E5C9957A07D /* /Users/elliotfiske/slumber/lab1/mac/source/GLSL.h */; settings = { COMPILER_FLAGS = ""; }; };
BBE66DC898D34A26BDCF7F1D /* /Users/elliotfiske/slumber/lab1/mac/source/RenderingHelper.cpp */ = {isa = PBXBuildFile; fileRef = 73B47CE98E8E442697F323CD /* /Users/elliotfiske/slumber/lab1/mac/source/RenderingHelper.cpp */; settings = { COMPILER_FLAGS = ""; }; };
911065A35675455D82CB3EE3 /* /Users/elliotfiske/slumber/lab1/mac/source/RenderingHelper.h */ = {isa = PBXBuildFile; fileRef = F828BB06888C4DF1B9408648 /* /Users/elliotfiske/slumber/lab1/mac/source/RenderingHelper.h */; settings = { COMPILER_FLAGS = ""; }; };
0F47C1F66CB54F17A28B1C37 /* /Users/elliotfiske/slumber/lab1/mac/source/actor.cpp */ = {isa = PBXBuildFile; fileRef = 244AD50A30EB42588C29A779 /* /Users/elliotfiske/slumber/lab1/mac/source/actor.cpp */; settings = { COMPILER_FLAGS = ""; }; };
E7B970763D294F658CD26478 /* /Users/elliotfiske/slumber/lab1/mac/source/actor.hpp */ = {isa = PBXBuildFile; fileRef = 033FC89938E64B039472E063 /* /Users/elliotfiske/slumber/lab1/mac/source/actor.hpp */; settings = { COMPILER_FLAGS = ""; }; };
CFB48F25BEB64C5795ECA02E /* /Users/elliotfiske/slumber/lab1/mac/source/assets.cpp */ = {isa = PBXBuildFile; fileRef = E5F27DE581C8468D81CDFCA4 /* /Users/elliotfiske/slumber/lab1/mac/source/assets.cpp */; settings = { COMPILER_FLAGS = ""; }; };
FBD7C8DC8D064F47A1D3F7CC /* /Users/elliotfiske/slumber/lab1/mac/source/assets.hpp */ = {isa = PBXBuildFile; fileRef = BEF87446E94248348C2A5BF4 /* /Users/elliotfiske/slumber/lab1/mac/source/assets.hpp */; settings = { COMPILER_FLAGS = ""; }; };
CBD719DF7FD6443896661959 /* /Users/elliotfiske/slumber/lab1/mac/source/camera.cpp */ = {isa = PBXBuildFile; fileRef = C335AED3D33246E9BB249935 /* /Users/elliotfiske/slumber/lab1/mac/source/camera.cpp */; settings = { COMPILER_FLAGS = ""; }; };
4E6FC410B5A54F54B7DCAE15 /* /Users/elliotfiske/slumber/lab1/mac/source/camera.hpp */ = {isa = PBXBuildFile; fileRef = 04221CB96EB34085A1D9B1F9 /* /Users/elliotfiske/slumber/lab1/mac/source/camera.hpp */; settings = { COMPILER_FLAGS = ""; }; };
1766784154DB470C8BFD66F9 /* /Users/elliotfiske/slumber/lab1/mac/source/control.cpp */ = {isa = PBXBuildFile; fileRef = B95ABFB67308431FA60AA5B6 /* /Users/elliotfiske/slumber/lab1/mac/source/control.cpp */; settings = { COMPILER_FLAGS = ""; }; };
6AF7521482C74F83969ED69A /* /Users/elliotfiske/slumber/lab1/mac/source/control.hpp */ = {isa = PBXBuildFile; fileRef = 7AF396509B9147C4A392FE3C /* /Users/elliotfiske/slumber/lab1/mac/source/control.hpp */; settings = { COMPILER_FLAGS = ""; }; };
A8B81835DF504ECA87E2A4DB /* /Users/elliotfiske/slumber/lab1/mac/source/gamestate.cpp */ = {isa = PBXBuildFile; fileRef = E2D2DC18942446B78CA41540 /* /Users/elliotfiske/slumber/lab1/mac/source/gamestate.cpp */; settings = { COMPILER_FLAGS = ""; }; };
FC35B10741EC4F5084EA6D3B /* /Users/elliotfiske/slumber/lab1/mac/source/gamestate.hpp */ = {isa = PBXBuildFile; fileRef = A78E4B27AADB436D8F5C872E /* /Users/elliotfiske/slumber/lab1/mac/source/gamestate.hpp */; settings = { COMPILER_FLAGS = ""; }; };
E6813CEEB2A94463A7E02A55 /* /Users/elliotfiske/slumber/lab1/mac/source/main.cpp */ = {isa = PBXBuildFile; fileRef = 51479C8E7AD74FA1A684504B /* /Users/elliotfiske/slumber/lab1/mac/source/main.cpp */; settings = { COMPILER_FLAGS = ""; }; };
B93AB4242F9143A08433D9C2 /* /Users/elliotfiske/slumber/lab1/mac/source/tiny_obj_loader.cc */ = {isa = PBXBuildFile; fileRef = 0F002C739C444B4C87D7CDDB /* /Users/elliotfiske/slumber/lab1/mac/source/tiny_obj_loader.cc */; settings = { COMPILER_FLAGS = ""; }; };
615F8E69032F42D3BB443938 /* /Users/elliotfiske/slumber/lab1/mac/source/tiny_obj_loader.h */ = {isa = PBXBuildFile; fileRef = B83FCCC6D08D4E5BB5468831 /* /Users/elliotfiske/slumber/lab1/mac/source/tiny_obj_loader.h */; settings = { COMPILER_FLAGS = ""; }; };
31F5E0F8981E44BD8494E48D /* /Users/elliotfiske/slumber/lab1/mac/source/util.c */ = {isa = PBXBuildFile; fileRef = 7156999F6546455BA3F9815F /* /Users/elliotfiske/slumber/lab1/mac/source/util.c */; settings = { COMPILER_FLAGS = ""; }; };
20E8A7672DA84FC684D818E8 /* /Users/elliotfiske/slumber/lab1/mac/source/util.h */ = {isa = PBXBuildFile; fileRef = 1A5AFA865B7542DFBDC61BFD /* /Users/elliotfiske/slumber/lab1/mac/source/util.h */; settings = { COMPILER_FLAGS = ""; }; };
A582911577E94EB89118C17A /* /Users/elliotfiske/slumber/lab1/mac/source/windowsetup.cpp */ = {isa = PBXBuildFile; fileRef = 63AEBF6301954F618E552E39 /* /Users/elliotfiske/slumber/lab1/mac/source/windowsetup.cpp */; settings = { COMPILER_FLAGS = ""; }; };
50869CE3C7944CD7A17FE36F /* /Users/elliotfiske/slumber/lab1/mac/source/windowsetup.hpp */ = {isa = PBXBuildFile; fileRef = F65360BDC54048F0A4ABABD6 /* /Users/elliotfiske/slumber/lab1/mac/source/windowsetup.hpp */; settings = { COMPILER_FLAGS = ""; }; };
ED59FA227C3B489A83A5338B /* /Users/elliotfiske/slumber/lab1/mac/built/dependencies/glfw/src/glfw_config.h */ = {isa = PBXBuildFile; fileRef = D5F6E778FDD944F0A78174A0 /* /Users/elliotfiske/slumber/lab1/mac/built/dependencies/glfw/src/glfw_config.h */; settings = { COMPILER_FLAGS = ""; }; };
CC989781A58E4D9DB1EC3E2E /* /Users/elliotfiske/slumber/lab1/mac/dependencies/glfw/include/GLFW/glfw3.h */ = {isa = PBXBuildFile; fileRef = D678B6B3B5854E69B45DFF31 /* /Users/elliotfiske/slumber/lab1/mac/dependencies/glfw/include/GLFW/glfw3.h */; settings = { COMPILER_FLAGS = ""; }; };
5A1235581C3648F7A2B2737D /* /Users/elliotfiske/slumber/lab1/mac/dependencies/glfw/include/GLFW/glfw3native.h */ = {isa = PBXBuildFile; fileRef = 0D8E4AEEB0B84DF49297E851 /* /Users/elliotfiske/slumber/lab1/mac/dependencies/glfw/include/GLFW/glfw3native.h */; settings = { COMPILER_FLAGS = ""; }; };
FB0ED9A1FBCA417C9ECC7C3F /* /Users/elliotfiske/slumber/lab1/mac/dependencies/glfw/src/CMakeLists.txt */ = {isa = PBXBuildFile; fileRef = E4368EEABAF940649DB3425D /* /Users/elliotfiske/slumber/lab1/mac/dependencies/glfw/src/CMakeLists.txt */; settings = { COMPILER_FLAGS = ""; }; };
492987C632224579AA850993 /* /Users/elliotfiske/slumber/lab1/mac/dependencies/glfw/src/cocoa_init.m */ = {isa = PBXBuildFile; fileRef = E9B86C4DDC944659BE1C1045 /* /Users/elliotfiske/slumber/lab1/mac/dependencies/glfw/src/cocoa_init.m */; settings = { COMPILER_FLAGS = ""; }; };
94445EE2DED94C61A233FA0F /* /Users/elliotfiske/slumber/lab1/mac/dependencies/glfw/src/cocoa_monitor.m */ = {isa = PBXBuildFile; fileRef = 291F9EABE102443AA0EAA182 /* /Users/elliotfiske/slumber/lab1/mac/dependencies/glfw/src/cocoa_monitor.m */; settings = { COMPILER_FLAGS = ""; }; };
82F8BCC8906C4DFA8D6369E5 /* /Users/elliotfiske/slumber/lab1/mac/dependencies/glfw/src/cocoa_platform.h */ = {isa = PBXBuildFile; fileRef = BA2C6B875A244CA9876FDC0D /* /Users/elliotfiske/slumber/lab1/mac/dependencies/glfw/src/cocoa_platform.h */; settings = { COMPILER_FLAGS = ""; }; };
D397285FDF124574A4319D9D /* /Users/elliotfiske/slumber/lab1/mac/dependencies/glfw/src/cocoa_window.m */ = {isa = PBXBuildFile; fileRef = B36CC10117974164BB896BB9 /* /Users/elliotfiske/slumber/lab1/mac/dependencies/glfw/src/cocoa_window.m */; settings = { COMPILER_FLAGS = ""; }; };
8B742F298F7A4DFE99518905 /* /Users/elliotfiske/slumber/lab1/mac/dependencies/glfw/src/context.c */ = {isa = PBXBuildFile; fileRef = 100C6E55EB1F468AAC76D567 /* /Users/elliotfiske/slumber/lab1/mac/dependencies/glfw/src/context.c */; settings = { COMPILER_FLAGS = ""; }; };
D3487706E2A1456799F27CF6 /* /Users/elliotfiske/slumber/lab1/mac/dependencies/glfw/src/init.c */ = {isa = PBXBuildFile; fileRef = 92A7B9CE5E0047BAB5A8DBE2 /* /Users/elliotfiske/slumber/lab1/mac/dependencies/glfw/src/init.c */; settings = { COMPILER_FLAGS = ""; }; };
35A0C545065342E9BB47949F /* /Users/elliotfiske/slumber/lab1/mac/dependencies/glfw/src/input.c */ = {isa = PBXBuildFile; fileRef = 9B9514FD672B4359994C0B89 /* /Users/elliotfiske/slumber/lab1/mac/dependencies/glfw/src/input.c */; settings = { COMPILER_FLAGS = ""; }; };
E2368F0241F84AD088D425C3 /* /Users/elliotfiske/slumber/lab1/mac/dependencies/glfw/src/internal.h */ = {isa = PBXBuildFile; fileRef = 3BAE2A18F80045D9BCA23E33 /* /Users/elliotfiske/slumber/lab1/mac/dependencies/glfw/src/internal.h */; settings = { COMPILER_FLAGS = ""; }; };
A50E9C9E30C0469B992AC83C /* /Users/elliotfiske/slumber/lab1/mac/dependencies/glfw/src/iokit_joystick.h */ = {isa = PBXBuildFile; fileRef = 1BF5A3F2B95D4C80AFAAA151 /* /Users/elliotfiske/slumber/lab1/mac/dependencies/glfw/src/iokit_joystick.h */; settings = { COMPILER_FLAGS = ""; }; };
0A001351389848A8A01DC67D /* /Users/elliotfiske/slumber/lab1/mac/dependencies/glfw/src/iokit_joystick.m */ = {isa = PBXBuildFile; fileRef = 8EE14D5257284109A3644400 /* /Users/elliotfiske/slumber/lab1/mac/dependencies/glfw/src/iokit_joystick.m */; settings = { COMPILER_FLAGS = ""; }; };
6B91F41C8FD047418F496349 /* /Users/elliotfiske/slumber/lab1/mac/dependencies/glfw/src/mach_time.c */ = {isa = PBXBuildFile; fileRef = 22F44BDEF73246CC8F800357 /* /Users/elliotfiske/slumber/lab1/mac/dependencies/glfw/src/mach_time.c */; settings = { COMPILER_FLAGS = ""; }; };
A975C49AE0F7427882CCF416 /* /Users/elliotfiske/slumber/lab1/mac/dependencies/glfw/src/monitor.c */ = {isa = PBXBuildFile; fileRef = 709E02A99C7E4229BB420AE6 /* /Users/elliotfiske/slumber/lab1/mac/dependencies/glfw/src/monitor.c */; settings = { COMPILER_FLAGS = ""; }; };
889AF55A297F4AACB980E130 /* /Users/elliotfiske/slumber/lab1/mac/dependencies/glfw/src/nsgl_context.h */ = {isa = PBXBuildFile; fileRef = 96E1988DD16140B5B00088C8 /* /Users/elliotfiske/slumber/lab1/mac/dependencies/glfw/src/nsgl_context.h */; settings = { COMPILER_FLAGS = ""; }; };
0629F1B15EF3476E86407121 /* /Users/elliotfiske/slumber/lab1/mac/dependencies/glfw/src/nsgl_context.m */ = {isa = PBXBuildFile; fileRef = 5E4A007704C64063B81517DF /* /Users/elliotfiske/slumber/lab1/mac/dependencies/glfw/src/nsgl_context.m */; settings = { COMPILER_FLAGS = ""; }; };
0447E1D9D9FD4896BB8EE74C /* /Users/elliotfiske/slumber/lab1/mac/dependencies/glfw/src/posix_tls.c */ = {isa = PBXBuildFile; fileRef = 9E5BA9C718F046EDAF3036D6 /* /Users/elliotfiske/slumber/lab1/mac/dependencies/glfw/src/posix_tls.c */; settings = { COMPILER_FLAGS = ""; }; };
45019E94E6834B6DA077CCCA /* /Users/elliotfiske/slumber/lab1/mac/dependencies/glfw/src/posix_tls.h */ = {isa = PBXBuildFile; fileRef = 01FC9A7BDA1F4427BD0083F8 /* /Users/elliotfiske/slumber/lab1/mac/dependencies/glfw/src/posix_tls.h */; settings = { COMPILER_FLAGS = ""; }; };
1880C7AF841D40A5927E2A42 /* /Users/elliotfiske/slumber/lab1/mac/dependencies/glfw/src/window.c */ = {isa = PBXBuildFile; fileRef = 69D95B24599E489E87E24F7D /* /Users/elliotfiske/slumber/lab1/mac/dependencies/glfw/src/window.c */; settings = { COMPILER_FLAGS = ""; }; };
/* End PBXBuildFile section */

/* Begin PBXBuildStyle section */
              8EDC20FD2DFA4A94A1504D69 /*  */ = {
                     isa = PBXBuildStyle;
              };
              19BC76F06D1A41478DCEEC6E /* Debug */ = {
                     isa = PBXBuildStyle;
                     buildSettings = {
                            COPY_PHASE_STRIP = NO;
                     };
                     name = Debug;
              };
              A471920BD6F7406D8E292544 /* Release */ = {
                     isa = PBXBuildStyle;
                     buildSettings = {
                            COPY_PHASE_STRIP = NO;
                     };
                     name = Release;
              };
              C6B4940E64FE43BCB37A1853 /* MinSizeRel */ = {
                     isa = PBXBuildStyle;
                     buildSettings = {
                            COPY_PHASE_STRIP = NO;
                     };
                     name = MinSizeRel;
              };
              7FE3809DD6F04B0E9E1C7DDD /* RelWithDebInfo */ = {
                     isa = PBXBuildStyle;
                     buildSettings = {
                            COPY_PHASE_STRIP = NO;
                     };
                     name = RelWithDebInfo;
              };
/* End PBXBuildStyle section */

/* Begin PBXContainerItemProxy section */
              2219F7065866472C94179EB8 /* PBXContainerItemProxy */ = {
                     isa = PBXContainerItemProxy;
                     containerPortal = 429BFAC151764D72B5D52FC0 /* Project object */;
                     proxyType = 1;
                     remoteGlobalIDString = D82E16D92BDF40DCAFEE7BD3;
                     remoteInfo = ZERO_CHECK;
              };
              0AE0888DFC6C4047996126AE /* PBXContainerItemProxy */ = {
                     isa = PBXContainerItemProxy;
                     containerPortal = 429BFAC151764D72B5D52FC0 /* Project object */;
                     proxyType = 1;
                     remoteGlobalIDString = F40FB526C00246A6BB55BF6E;
                     remoteInfo = Lab1;
              };
              7D0B3D980FC648D788C79206 /* PBXContainerItemProxy */ = {
                     isa = PBXContainerItemProxy;
                     containerPortal = 429BFAC151764D72B5D52FC0 /* Project object */;
                     proxyType = 1;
                     remoteGlobalIDString = 8C2CBDE024024668A8185A71;
                     remoteInfo = glfw;
              };
              AF8077264A9D4D869E19A451 /* PBXContainerItemProxy */ = {
                     isa = PBXContainerItemProxy;
                     containerPortal = 429BFAC151764D72B5D52FC0 /* Project object */;
                     proxyType = 1;
                     remoteGlobalIDString = D82E16D92BDF40DCAFEE7BD3;
                     remoteInfo = ZERO_CHECK;
              };
              F4C0CF42915D463E921A46F8 /* PBXContainerItemProxy */ = {
                     isa = PBXContainerItemProxy;
                     containerPortal = 429BFAC151764D72B5D52FC0 /* Project object */;
                     proxyType = 1;
                     remoteGlobalIDString = 8C2CBDE024024668A8185A71;
                     remoteInfo = glfw;
              };
              EA5CAA17C95F474C95F437E5 /* PBXContainerItemProxy */ = {
                     isa = PBXContainerItemProxy;
                     containerPortal = 429BFAC151764D72B5D52FC0 /* Project object */;
                     proxyType = 1;
                     remoteGlobalIDString = D82E16D92BDF40DCAFEE7BD3;
                     remoteInfo = ZERO_CHECK;
              };
/* End PBXContainerItemProxy section */

/* Begin PBXFileReference section */
736BF9C7019246D4A1667AC2 /* /Users/elliotfiske/slumber/lab1/mac/CMakeLists.txt */ = {isa = PBXFileReference; explicitFileType = "sourcecode.text"; fileEncoding = 4; name = "CMakeLists.txt"; path = "CMakeLists.txt"; sourceTree = SOURCE_ROOT; };
D233FD644B7E428D89FCCFA2 /* /Users/elliotfiske/slumber/lab1/mac/CMakeLists.txt */ = {isa = PBXFileReference; explicitFileType = "sourcecode.text"; fileEncoding = 4; name = "CMakeLists.txt"; path = "CMakeLists.txt"; sourceTree = SOURCE_ROOT; };
B12747B269524A42B2000D89 /* /Users/elliotfiske/slumber/lab1/mac/dependencies/glad/src/glad.c */ = {isa = PBXFileReference; explicitFileType = "sourcecode.c.c"; fileEncoding = 4; name = "glad.c"; path = "dependencies/glad/src/glad.c"; sourceTree = SOURCE_ROOT; };
B8BB345C2F5B4F998ABEA008 /* /Users/elliotfiske/slumber/lab1/mac/source/GLIncludes.h */ = {isa = PBXFileReference; explicitFileType = "sourcecode.c.h"; fileEncoding = 4; name = "GLIncludes.h"; path = "source/GLIncludes.h"; sourceTree = SOURCE_ROOT; };
D568DD9DBE3F4AE48F801266 /* /Users/elliotfiske/slumber/lab1/mac/source/GLSL.cpp */ = {isa = PBXFileReference; explicitFileType = "sourcecode.cpp.cpp"; fileEncoding = 4; name = "GLSL.cpp"; path = "source/GLSL.cpp"; sourceTree = SOURCE_ROOT; };
F08B778F8A8D4E5C9957A07D /* /Users/elliotfiske/slumber/lab1/mac/source/GLSL.h */ = {isa = PBXFileReference; explicitFileType = "sourcecode.c.h"; fileEncoding = 4; name = "GLSL.h"; path = "source/GLSL.h"; sourceTree = SOURCE_ROOT; };
73B47CE98E8E442697F323CD /* /Users/elliotfiske/slumber/lab1/mac/source/RenderingHelper.cpp */ = {isa = PBXFileReference; explicitFileType = "sourcecode.cpp.cpp"; fileEncoding = 4; name = "RenderingHelper.cpp"; path = "source/RenderingHelper.cpp"; sourceTree = SOURCE_ROOT; };
F828BB06888C4DF1B9408648 /* /Users/elliotfiske/slumber/lab1/mac/source/RenderingHelper.h */ = {isa = PBXFileReference; explicitFileType = "sourcecode.c.h"; fileEncoding = 4; name = "RenderingHelper.h"; path = "source/RenderingHelper.h"; sourceTree = SOURCE_ROOT; };
244AD50A30EB42588C29A779 /* /Users/elliotfiske/slumber/lab1/mac/source/actor.cpp */ = {isa = PBXFileReference; explicitFileType = "sourcecode.cpp.cpp"; fileEncoding = 4; name = "actor.cpp"; path = "source/actor.cpp"; sourceTree = SOURCE_ROOT; };
033FC89938E64B039472E063 /* /Users/elliotfiske/slumber/lab1/mac/source/actor.hpp */ = {isa = PBXFileReference; explicitFileType = "sourcecode.cpp.h"; fileEncoding = 4; name = "actor.hpp"; path = "source/actor.hpp"; sourceTree = SOURCE_ROOT; };
E5F27DE581C8468D81CDFCA4 /* /Users/elliotfiske/slumber/lab1/mac/source/assets.cpp */ = {isa = PBXFileReference; explicitFileType = "sourcecode.cpp.cpp"; fileEncoding = 4; name = "assets.cpp"; path = "source/assets.cpp"; sourceTree = SOURCE_ROOT; };
BEF87446E94248348C2A5BF4 /* /Users/elliotfiske/slumber/lab1/mac/source/assets.hpp */ = {isa = PBXFileReference; explicitFileType = "sourcecode.cpp.h"; fileEncoding = 4; name = "assets.hpp"; path = "source/assets.hpp"; sourceTree = SOURCE_ROOT; };
C335AED3D33246E9BB249935 /* /Users/elliotfiske/slumber/lab1/mac/source/camera.cpp */ = {isa = PBXFileReference; explicitFileType = "sourcecode.cpp.cpp"; fileEncoding = 4; name = "camera.cpp"; path = "source/camera.cpp"; sourceTree = SOURCE_ROOT; };
04221CB96EB34085A1D9B1F9 /* /Users/elliotfiske/slumber/lab1/mac/source/camera.hpp */ = {isa = PBXFileReference; explicitFileType = "sourcecode.cpp.h"; fileEncoding = 4; name = "camera.hpp"; path = "source/camera.hpp"; sourceTree = SOURCE_ROOT; };
B95ABFB67308431FA60AA5B6 /* /Users/elliotfiske/slumber/lab1/mac/source/control.cpp */ = {isa = PBXFileReference; explicitFileType = "sourcecode.cpp.cpp"; fileEncoding = 4; name = "control.cpp"; path = "source/control.cpp"; sourceTree = SOURCE_ROOT; };
7AF396509B9147C4A392FE3C /* /Users/elliotfiske/slumber/lab1/mac/source/control.hpp */ = {isa = PBXFileReference; explicitFileType = "sourcecode.cpp.h"; fileEncoding = 4; name = "control.hpp"; path = "source/control.hpp"; sourceTree = SOURCE_ROOT; };
E2D2DC18942446B78CA41540 /* /Users/elliotfiske/slumber/lab1/mac/source/gamestate.cpp */ = {isa = PBXFileReference; explicitFileType = "sourcecode.cpp.cpp"; fileEncoding = 4; name = "gamestate.cpp"; path = "source/gamestate.cpp"; sourceTree = SOURCE_ROOT; };
A78E4B27AADB436D8F5C872E /* /Users/elliotfiske/slumber/lab1/mac/source/gamestate.hpp */ = {isa = PBXFileReference; explicitFileType = "sourcecode.cpp.h"; fileEncoding = 4; name = "gamestate.hpp"; path = "source/gamestate.hpp"; sourceTree = SOURCE_ROOT; };
51479C8E7AD74FA1A684504B /* /Users/elliotfiske/slumber/lab1/mac/source/main.cpp */ = {isa = PBXFileReference; explicitFileType = "sourcecode.cpp.cpp"; fileEncoding = 4; name = "main.cpp"; path = "source/main.cpp"; sourceTree = SOURCE_ROOT; };
0F002C739C444B4C87D7CDDB /* /Users/elliotfiske/slumber/lab1/mac/source/tiny_obj_loader.cc */ = {isa = PBXFileReference; explicitFileType = "sourcecode.cpp.cpp"; fileEncoding = 4; name = "tiny_obj_loader.cc"; path = "source/tiny_obj_loader.cc"; sourceTree = SOURCE_ROOT; };
B83FCCC6D08D4E5BB5468831 /* /Users/elliotfiske/slumber/lab1/mac/source/tiny_obj_loader.h */ = {isa = PBXFileReference; explicitFileType = "sourcecode.c.h"; fileEncoding = 4; name = "tiny_obj_loader.h"; path = "source/tiny_obj_loader.h"; sourceTree = SOURCE_ROOT; };
7156999F6546455BA3F9815F /* /Users/elliotfiske/slumber/lab1/mac/source/util.c */ = {isa = PBXFileReference; explicitFileType = "sourcecode.c.c"; fileEncoding = 4; name = "util.c"; path = "source/util.c"; sourceTree = SOURCE_ROOT; };
1A5AFA865B7542DFBDC61BFD /* /Users/elliotfiske/slumber/lab1/mac/source/util.h */ = {isa = PBXFileReference; explicitFileType = "sourcecode.c.h"; fileEncoding = 4; name = "util.h"; path = "source/util.h"; sourceTree = SOURCE_ROOT; };
63AEBF6301954F618E552E39 /* /Users/elliotfiske/slumber/lab1/mac/source/windowsetup.cpp */ = {isa = PBXFileReference; explicitFileType = "sourcecode.cpp.cpp"; fileEncoding = 4; name = "windowsetup.cpp"; path = "source/windowsetup.cpp"; sourceTree = SOURCE_ROOT; };
F65360BDC54048F0A4ABABD6 /* /Users/elliotfiske/slumber/lab1/mac/source/windowsetup.hpp */ = {isa = PBXFileReference; explicitFileType = "sourcecode.cpp.h"; fileEncoding = 4; name = "windowsetup.hpp"; path = "source/windowsetup.hpp"; sourceTree = SOURCE_ROOT; };
03E2E6B593D849FB9CAE348F /* Lab1 */ = {isa = PBXFileReference; explicitFileType = "compiled.mach-o.executable"; path = Lab1; refType = 0; sourceTree = BUILT_PRODUCTS_DIR; };
A62CD7D16A024053B5B703B2 /* /Users/elliotfiske/slumber/lab1/mac/CMakeLists.txt */ = {isa = PBXFileReference; explicitFileType = "sourcecode.text"; fileEncoding = 4; name = "CMakeLists.txt"; path = "CMakeLists.txt"; sourceTree = SOURCE_ROOT; };
D5F6E778FDD944F0A78174A0 /* /Users/elliotfiske/slumber/lab1/mac/built/dependencies/glfw/src/glfw_config.h */ = {isa = PBXFileReference; explicitFileType = "sourcecode.c.h"; fileEncoding = 4; name = "glfw_config.h"; path = "built/dependencies/glfw/src/glfw_config.h"; sourceTree = SOURCE_ROOT; };
D678B6B3B5854E69B45DFF31 /* /Users/elliotfiske/slumber/lab1/mac/dependencies/glfw/include/GLFW/glfw3.h */ = {isa = PBXFileReference; explicitFileType = "sourcecode.c.h"; fileEncoding = 4; name = "glfw3.h"; path = "dependencies/glfw/include/GLFW/glfw3.h"; sourceTree = SOURCE_ROOT; };
0D8E4AEEB0B84DF49297E851 /* /Users/elliotfiske/slumber/lab1/mac/dependencies/glfw/include/GLFW/glfw3native.h */ = {isa = PBXFileReference; explicitFileType = "sourcecode.c.h"; fileEncoding = 4; name = "glfw3native.h"; path = "dependencies/glfw/include/GLFW/glfw3native.h"; sourceTree = SOURCE_ROOT; };
E4368EEABAF940649DB3425D /* /Users/elliotfiske/slumber/lab1/mac/dependencies/glfw/src/CMakeLists.txt */ = {isa = PBXFileReference; explicitFileType = "sourcecode.text"; fileEncoding = 4; name = "CMakeLists.txt"; path = "dependencies/glfw/src/CMakeLists.txt"; sourceTree = SOURCE_ROOT; };
E9B86C4DDC944659BE1C1045 /* /Users/elliotfiske/slumber/lab1/mac/dependencies/glfw/src/cocoa_init.m */ = {isa = PBXFileReference; explicitFileType = "sourcecode.c.objc"; fileEncoding = 4; name = "cocoa_init.m"; path = "dependencies/glfw/src/cocoa_init.m"; sourceTree = SOURCE_ROOT; };
291F9EABE102443AA0EAA182 /* /Users/elliotfiske/slumber/lab1/mac/dependencies/glfw/src/cocoa_monitor.m */ = {isa = PBXFileReference; explicitFileType = "sourcecode.c.objc"; fileEncoding = 4; name = "cocoa_monitor.m"; path = "dependencies/glfw/src/cocoa_monitor.m"; sourceTree = SOURCE_ROOT; };
BA2C6B875A244CA9876FDC0D /* /Users/elliotfiske/slumber/lab1/mac/dependencies/glfw/src/cocoa_platform.h */ = {isa = PBXFileReference; explicitFileType = "sourcecode.c.h"; fileEncoding = 4; name = "cocoa_platform.h"; path = "dependencies/glfw/src/cocoa_platform.h"; sourceTree = SOURCE_ROOT; };
B36CC10117974164BB896BB9 /* /Users/elliotfiske/slumber/lab1/mac/dependencies/glfw/src/cocoa_window.m */ = {isa = PBXFileReference; explicitFileType = "sourcecode.c.objc"; fileEncoding = 4; name = "cocoa_window.m"; path = "dependencies/glfw/src/cocoa_window.m"; sourceTree = SOURCE_ROOT; };
100C6E55EB1F468AAC76D567 /* /Users/elliotfiske/slumber/lab1/mac/dependencies/glfw/src/context.c */ = {isa = PBXFileReference; explicitFileType = "sourcecode.c.c"; fileEncoding = 4; name = "context.c"; path = "dependencies/glfw/src/context.c"; sourceTree = SOURCE_ROOT; };
92A7B9CE5E0047BAB5A8DBE2 /* /Users/elliotfiske/slumber/lab1/mac/dependencies/glfw/src/init.c */ = {isa = PBXFileReference; explicitFileType = "sourcecode.c.c"; fileEncoding = 4; name = "init.c"; path = "dependencies/glfw/src/init.c"; sourceTree = SOURCE_ROOT; };
9B9514FD672B4359994C0B89 /* /Users/elliotfiske/slumber/lab1/mac/dependencies/glfw/src/input.c */ = {isa = PBXFileReference; explicitFileType = "sourcecode.c.c"; fileEncoding = 4; name = "input.c"; path = "dependencies/glfw/src/input.c"; sourceTree = SOURCE_ROOT; };
3BAE2A18F80045D9BCA23E33 /* /Users/elliotfiske/slumber/lab1/mac/dependencies/glfw/src/internal.h */ = {isa = PBXFileReference; explicitFileType = "sourcecode.c.h"; fileEncoding = 4; name = "internal.h"; path = "dependencies/glfw/src/internal.h"; sourceTree = SOURCE_ROOT; };
1BF5A3F2B95D4C80AFAAA151 /* /Users/elliotfiske/slumber/lab1/mac/dependencies/glfw/src/iokit_joystick.h */ = {isa = PBXFileReference; explicitFileType = "sourcecode.c.h"; fileEncoding = 4; name = "iokit_joystick.h"; path = "dependencies/glfw/src/iokit_joystick.h"; sourceTree = SOURCE_ROOT; };
8EE14D5257284109A3644400 /* /Users/elliotfiske/slumber/lab1/mac/dependencies/glfw/src/iokit_joystick.m */ = {isa = PBXFileReference; explicitFileType = "sourcecode.c.objc"; fileEncoding = 4; name = "iokit_joystick.m"; path = "dependencies/glfw/src/iokit_joystick.m"; sourceTree = SOURCE_ROOT; };
22F44BDEF73246CC8F800357 /* /Users/elliotfiske/slumber/lab1/mac/dependencies/glfw/src/mach_time.c */ = {isa = PBXFileReference; explicitFileType = "sourcecode.c.c"; fileEncoding = 4; name = "mach_time.c"; path = "dependencies/glfw/src/mach_time.c"; sourceTree = SOURCE_ROOT; };
709E02A99C7E4229BB420AE6 /* /Users/elliotfiske/slumber/lab1/mac/dependencies/glfw/src/monitor.c */ = {isa = PBXFileReference; explicitFileType = "sourcecode.c.c"; fileEncoding = 4; name = "monitor.c"; path = "dependencies/glfw/src/monitor.c"; sourceTree = SOURCE_ROOT; };
96E1988DD16140B5B00088C8 /* /Users/elliotfiske/slumber/lab1/mac/dependencies/glfw/src/nsgl_context.h */ = {isa = PBXFileReference; explicitFileType = "sourcecode.c.h"; fileEncoding = 4; name = "nsgl_context.h"; path = "dependencies/glfw/src/nsgl_context.h"; sourceTree = SOURCE_ROOT; };
5E4A007704C64063B81517DF /* /Users/elliotfiske/slumber/lab1/mac/dependencies/glfw/src/nsgl_context.m */ = {isa = PBXFileReference; explicitFileType = "sourcecode.c.objc"; fileEncoding = 4; name = "nsgl_context.m"; path = "dependencies/glfw/src/nsgl_context.m"; sourceTree = SOURCE_ROOT; };
9E5BA9C718F046EDAF3036D6 /* /Users/elliotfiske/slumber/lab1/mac/dependencies/glfw/src/posix_tls.c */ = {isa = PBXFileReference; explicitFileType = "sourcecode.c.c"; fileEncoding = 4; name = "posix_tls.c"; path = "dependencies/glfw/src/posix_tls.c"; sourceTree = SOURCE_ROOT; };
01FC9A7BDA1F4427BD0083F8 /* /Users/elliotfiske/slumber/lab1/mac/dependencies/glfw/src/posix_tls.h */ = {isa = PBXFileReference; explicitFileType = "sourcecode.c.h"; fileEncoding = 4; name = "posix_tls.h"; path = "dependencies/glfw/src/posix_tls.h"; sourceTree = SOURCE_ROOT; };
69D95B24599E489E87E24F7D /* /Users/elliotfiske/slumber/lab1/mac/dependencies/glfw/src/window.c */ = {isa = PBXFileReference; explicitFileType = "sourcecode.c.c"; fileEncoding = 4; name = "window.c"; path = "dependencies/glfw/src/window.c"; sourceTree = SOURCE_ROOT; };
7D443752F9234232882A0B8C /* glfw */ = {isa = PBXFileReference; explicitFileType = "archive.ar"; path = "libglfw3.a"; refType = 0; sourceTree = BUILT_PRODUCTS_DIR; };
/* End PBXFileReference section */

/* Begin PBXGroup section */
              2B3522308C3442BC989E831D  = {
                     isa = PBXGroup;
                     children = (
                            FF9C2203D3D4433B9B2F2640 /* Sources */,
                            3C015F6FB70B4DCA8E6FDDA0 /* Resources */,
                            E766F65BB7844EBB89F263B0 /* Products */,
                     );
                     sourceTree = "<group>";
              };
              FF9C2203D3D4433B9B2F2640 /* Sources */ = {
                     isa = PBXGroup;
                     children = (
                            BD8416B659FD414DB66C5FD5 /* ALL_BUILD */,
                            F1FC1D74A9B44275835990D4 /* Lab1 */,
                            1F9B1A382EC5464B8A148A2C /* ZERO_CHECK */,
                            947746556C984AEA8A508C55 /* GLFW3 */,
                     );
                     name = Sources;
                     sourceTree = "<group>";
              };
              3C015F6FB70B4DCA8E6FDDA0 /* Resources */ = {
                     isa = PBXGroup;
                     children = (
                     );
                     name = Resources;
                     sourceTree = "<group>";
              };
              BD8416B659FD414DB66C5FD5 /* ALL_BUILD */ = {
                     isa = PBXGroup;
                     children = (
                            41218B5B7B184011804B70B8 /* CMake Rules */,
                            736BF9C7019246D4A1667AC2 /* /Users/elliotfiske/slumber/lab1/mac/CMakeLists.txt */,
                     );
                     name = ALL_BUILD;
                     sourceTree = "<group>";
              };
              41218B5B7B184011804B70B8 /* CMake Rules */ = {
                     isa = PBXGroup;
                     children = (
                     );
                     name = "CMake Rules";
                     sourceTree = "<group>";
              };
              F1FC1D74A9B44275835990D4 /* Lab1 */ = {
                     isa = PBXGroup;
                     children = (
                            1C10E9566BE24E178520C806 /* Source Files */,
                            7037AAA98BB94F39AB38DAAB /* Header Files */,
                            D233FD644B7E428D89FCCFA2 /* /Users/elliotfiske/slumber/lab1/mac/CMakeLists.txt */,
                     );
                     name = Lab1;
                     sourceTree = "<group>";
              };
              1C10E9566BE24E178520C806 /* Source Files */ = {
                     isa = PBXGroup;
                     children = (
                            B12747B269524A42B2000D89 /* /Users/elliotfiske/slumber/lab1/mac/dependencies/glad/src/glad.c */,
                            D568DD9DBE3F4AE48F801266 /* /Users/elliotfiske/slumber/lab1/mac/source/GLSL.cpp */,
                            73B47CE98E8E442697F323CD /* /Users/elliotfiske/slumber/lab1/mac/source/RenderingHelper.cpp */,
                            244AD50A30EB42588C29A779 /* /Users/elliotfiske/slumber/lab1/mac/source/actor.cpp */,
                            E5F27DE581C8468D81CDFCA4 /* /Users/elliotfiske/slumber/lab1/mac/source/assets.cpp */,
                            C335AED3D33246E9BB249935 /* /Users/elliotfiske/slumber/lab1/mac/source/camera.cpp */,
                            B95ABFB67308431FA60AA5B6 /* /Users/elliotfiske/slumber/lab1/mac/source/control.cpp */,
                            E2D2DC18942446B78CA41540 /* /Users/elliotfiske/slumber/lab1/mac/source/gamestate.cpp */,
                            51479C8E7AD74FA1A684504B /* /Users/elliotfiske/slumber/lab1/mac/source/main.cpp */,
                            0F002C739C444B4C87D7CDDB /* /Users/elliotfiske/slumber/lab1/mac/source/tiny_obj_loader.cc */,
                            7156999F6546455BA3F9815F /* /Users/elliotfiske/slumber/lab1/mac/source/util.c */,
                            63AEBF6301954F618E552E39 /* /Users/elliotfiske/slumber/lab1/mac/source/windowsetup.cpp */,
                     );
                     name = "Source Files";
                     sourceTree = "<group>";
              };
              7037AAA98BB94F39AB38DAAB /* Header Files */ = {
                     isa = PBXGroup;
                     children = (
                            B8BB345C2F5B4F998ABEA008 /* /Users/elliotfiske/slumber/lab1/mac/source/GLIncludes.h */,
                            F08B778F8A8D4E5C9957A07D /* /Users/elliotfiske/slumber/lab1/mac/source/GLSL.h */,
                            F828BB06888C4DF1B9408648 /* /Users/elliotfiske/slumber/lab1/mac/source/RenderingHelper.h */,
                            033FC89938E64B039472E063 /* /Users/elliotfiske/slumber/lab1/mac/source/actor.hpp */,
                            BEF87446E94248348C2A5BF4 /* /Users/elliotfiske/slumber/lab1/mac/source/assets.hpp */,
                            04221CB96EB34085A1D9B1F9 /* /Users/elliotfiske/slumber/lab1/mac/source/camera.hpp */,
                            7AF396509B9147C4A392FE3C /* /Users/elliotfiske/slumber/lab1/mac/source/control.hpp */,
                            A78E4B27AADB436D8F5C872E /* /Users/elliotfiske/slumber/lab1/mac/source/gamestate.hpp */,
                            B83FCCC6D08D4E5BB5468831 /* /Users/elliotfiske/slumber/lab1/mac/source/tiny_obj_loader.h */,
                            1A5AFA865B7542DFBDC61BFD /* /Users/elliotfiske/slumber/lab1/mac/source/util.h */,
                            F65360BDC54048F0A4ABABD6 /* /Users/elliotfiske/slumber/lab1/mac/source/windowsetup.hpp */,
                     );
                     name = "Header Files";
                     sourceTree = "<group>";
              };
              1F9B1A382EC5464B8A148A2C /* ZERO_CHECK */ = {
                     isa = PBXGroup;
                     children = (
                            C512260C297345E5BD90C1C6 /* CMake Rules */,
                            A62CD7D16A024053B5B703B2 /* /Users/elliotfiske/slumber/lab1/mac/CMakeLists.txt */,
                     );
                     name = ZERO_CHECK;
                     sourceTree = "<group>";
              };
              C512260C297345E5BD90C1C6 /* CMake Rules */ = {
                     isa = PBXGroup;
                     children = (
                     );
                     name = "CMake Rules";
                     sourceTree = "<group>";
              };
              947746556C984AEA8A508C55 /* GLFW3 */ = {
                     isa = PBXGroup;
                     children = (
                            9C2E4097AF074F4CAF2D8FEF /* glfw */,
                     );
                     name = GLFW3;
                     sourceTree = "<group>";
              };
              9C2E4097AF074F4CAF2D8FEF /* glfw */ = {
                     isa = PBXGroup;
                     children = (
                            9C5ABCA04A484222A4E3D05E /* Source Files */,
                            4B1ECB72B57D433D90DAAC4E /* Header Files */,
                            E4368EEABAF940649DB3425D /* /Users/elliotfiske/slumber/lab1/mac/dependencies/glfw/src/CMakeLists.txt */,
                     );
                     name = glfw;
                     sourceTree = "<group>";
              };
              9C5ABCA04A484222A4E3D05E /* Source Files */ = {
                     isa = PBXGroup;
                     children = (
                            E9B86C4DDC944659BE1C1045 /* /Users/elliotfiske/slumber/lab1/mac/dependencies/glfw/src/cocoa_init.m */,
                            291F9EABE102443AA0EAA182 /* /Users/elliotfiske/slumber/lab1/mac/dependencies/glfw/src/cocoa_monitor.m */,
                            B36CC10117974164BB896BB9 /* /Users/elliotfiske/slumber/lab1/mac/dependencies/glfw/src/cocoa_window.m */,
                            100C6E55EB1F468AAC76D567 /* /Users/elliotfiske/slumber/lab1/mac/dependencies/glfw/src/context.c */,
                            92A7B9CE5E0047BAB5A8DBE2 /* /Users/elliotfiske/slumber/lab1/mac/dependencies/glfw/src/init.c */,
                            9B9514FD672B4359994C0B89 /* /Users/elliotfiske/slumber/lab1/mac/dependencies/glfw/src/input.c */,
                            8EE14D5257284109A3644400 /* /Users/elliotfiske/slumber/lab1/mac/dependencies/glfw/src/iokit_joystick.m */,
                            22F44BDEF73246CC8F800357 /* /Users/elliotfiske/slumber/lab1/mac/dependencies/glfw/src/mach_time.c */,
                            709E02A99C7E4229BB420AE6 /* /Users/elliotfiske/slumber/lab1/mac/dependencies/glfw/src/monitor.c */,
                            5E4A007704C64063B81517DF /* /Users/elliotfiske/slumber/lab1/mac/dependencies/glfw/src/nsgl_context.m */,
                            9E5BA9C718F046EDAF3036D6 /* /Users/elliotfiske/slumber/lab1/mac/dependencies/glfw/src/posix_tls.c */,
                            69D95B24599E489E87E24F7D /* /Users/elliotfiske/slumber/lab1/mac/dependencies/glfw/src/window.c */,
                     );
                     name = "Source Files";
                     sourceTree = "<group>";
              };
              4B1ECB72B57D433D90DAAC4E /* Header Files */ = {
                     isa = PBXGroup;
                     children = (
                            D5F6E778FDD944F0A78174A0 /* /Users/elliotfiske/slumber/lab1/mac/built/dependencies/glfw/src/glfw_config.h */,
                            D678B6B3B5854E69B45DFF31 /* /Users/elliotfiske/slumber/lab1/mac/dependencies/glfw/include/GLFW/glfw3.h */,
                            0D8E4AEEB0B84DF49297E851 /* /Users/elliotfiske/slumber/lab1/mac/dependencies/glfw/include/GLFW/glfw3native.h */,
                            BA2C6B875A244CA9876FDC0D /* /Users/elliotfiske/slumber/lab1/mac/dependencies/glfw/src/cocoa_platform.h */,
                            3BAE2A18F80045D9BCA23E33 /* /Users/elliotfiske/slumber/lab1/mac/dependencies/glfw/src/internal.h */,
                            1BF5A3F2B95D4C80AFAAA151 /* /Users/elliotfiske/slumber/lab1/mac/dependencies/glfw/src/iokit_joystick.h */,
                            96E1988DD16140B5B00088C8 /* /Users/elliotfiske/slumber/lab1/mac/dependencies/glfw/src/nsgl_context.h */,
                            01FC9A7BDA1F4427BD0083F8 /* /Users/elliotfiske/slumber/lab1/mac/dependencies/glfw/src/posix_tls.h */,
                     );
                     name = "Header Files";
                     sourceTree = "<group>";
              };
              E766F65BB7844EBB89F263B0 /* Products */ = {
                     isa = PBXGroup;
                     children = (
                            03E2E6B593D849FB9CAE348F /* Lab1 */,
                            7D443752F9234232882A0B8C /* glfw */,
                     );
                     name = Products;
                     sourceTree = "<group>";
              };
/* End PBXGroup section */

/* Begin PBXNativeTarget section */
              F40FB526C00246A6BB55BF6E /* Lab1 */ = {
                     isa = PBXNativeTarget;
                     buildConfigurationList = 6CD27C4B16054C0184C99D25 /* Build configuration list for PBXNativeTarget "Lab1" */;
                     buildPhases = (
                            19C29829326C4BDB9C6F27DF /* Sources */,
                     );
                     buildRules = (
                     );
                     dependencies = (
                            7171F1B2DD0242358D7A3453 /* PBXTargetDependency */,
                            3419AEFC289E4CA4ADC9FE82 /* PBXTargetDependency */,
                     );
                     name = Lab1;
                     productName = Lab1;
                     productReference = 03E2E6B593D849FB9CAE348F /* Lab1 */;
                     productType = "com.apple.product-type.tool";
              };
              8C2CBDE024024668A8185A71 /* glfw */ = {
                     isa = PBXNativeTarget;
                     buildConfigurationList = E6625C96325642D388FB2C3B /* Build configuration list for PBXNativeTarget "glfw" */;
                     buildPhases = (
                            74585432FFC64F1BB2B849A2 /* Sources */,
                     );
                     buildRules = (
                     );
                     dependencies = (
                            4AFAD26797FE43F783DFDD09 /* PBXTargetDependency */,
                     );
                     name = glfw;
                     productName = glfw;
                     productReference = 7D443752F9234232882A0B8C /* glfw */;
                     productType = "com.apple.product-type.library.static";
              };
/* End PBXNativeTarget section */

/* Begin PBXProject section */
              429BFAC151764D72B5D52FC0 /* Project object */ = {
                     isa = PBXProject;
                     attributes = {
                            BuildIndependentTargetsInParallel = YES;
                     };
                     buildConfigurationList = 1C2C518D19EC40289222CF7B /* Build configuration list for PBXProject  "Lab1" */;
                     buildSettings = {
                     };
                     buildStyles = (
                            19BC76F06D1A41478DCEEC6E /* Debug */,
                            A471920BD6F7406D8E292544 /* Release */,
                            C6B4940E64FE43BCB37A1853 /* MinSizeRel */,
                            7FE3809DD6F04B0E9E1C7DDD /* RelWithDebInfo */,
                     );
                     compatibilityVersion = "Xcode 3.2";
                     hasScannedForEncodings = 0;
                     mainGroup = 2B3522308C3442BC989E831D;
                     projectDirPath = "..";
                     projectRoot = "";
                     targets = (
                            A617C2B75A3C4D1580760C0D /* ALL_BUILD */,
                            F40FB526C00246A6BB55BF6E /* Lab1 */,
                            D82E16D92BDF40DCAFEE7BD3 /* ZERO_CHECK */,
                            8C2CBDE024024668A8185A71 /* glfw */,
                     );
              };
/* End PBXProject section */

/* Begin PBXShellScriptBuildPhase section */
              71DBA495CF3C4C7C8E145ADC /*  */ = {
                     isa = PBXShellScriptBuildPhase;
                     buildActionMask = 2147483647;
                     files = (
                     );
                     inputPaths = (
                     );
                     outputPaths = (
                     );
                     runOnlyForDeploymentPostprocessing = 0;
                     shellPath = /bin/sh;
                     shellScript = "# shell script goes here
exit 0";
                     showEnvVarsInLog = 0;
              };
              E1359CB2AA55495EB75F3033 /* CMake Rules */ = {
                     isa = PBXShellScriptBuildPhase;
                     buildActionMask = 2147483647;
                     files = (
                     );
                     name = "CMake Rules";
                     runOnlyForDeploymentPostprocessing = 0;
                     shellPath = /bin/sh;
                     shellScript = "make -C /Users/elliotfiske/slumber/lab1/mac/built -f /Users/elliotfiske/slumber/lab1/mac/built/CMakeScripts/ALL_BUILD_cmakeRulesBuildPhase.make$CONFIGURATION all";
                     showEnvVarsInLog = 0;
              };
              22CA4ABDB93C4C049EA46EDE /*  */ = {
                     isa = PBXShellScriptBuildPhase;
                     buildActionMask = 2147483647;
                     files = (
                     );
                     inputPaths = (
                     );
                     outputPaths = (
                     );
                     runOnlyForDeploymentPostprocessing = 0;
                     shellPath = /bin/sh;
                     shellScript = "# shell script goes here
exit 0";
                     showEnvVarsInLog = 0;
              };
              591009DD38F14CDF89C7A0E8 /* CMake Rules */ = {
                     isa = PBXShellScriptBuildPhase;
                     buildActionMask = 2147483647;
                     files = (
                     );
                     name = "CMake Rules";
                     runOnlyForDeploymentPostprocessing = 0;
                     shellPath = /bin/sh;
                     shellScript = "make -C /Users/elliotfiske/slumber/lab1/mac/built -f /Users/elliotfiske/slumber/lab1/mac/built/CMakeScripts/ZERO_CHECK_cmakeRulesBuildPhase.make$CONFIGURATION all";
                     showEnvVarsInLog = 0;
              };
/* End PBXShellScriptBuildPhase section */

/* Begin PBXSourcesBuildPhase section */
              19C29829326C4BDB9C6F27DF /* Sources */ = {
                     isa = PBXSourcesBuildPhase;
                     buildActionMask = 2147483647;
                     files = (
                            8C7CC7BFAB0A4EA38EBF0F66 /* /Users/elliotfiske/slumber/lab1/mac/dependencies/glad/src/glad.c */,
                            EF8DBA85DCB4444DA13AC1A0 /* /Users/elliotfiske/slumber/lab1/mac/source/GLSL.cpp */,
                            BBE66DC898D34A26BDCF7F1D /* /Users/elliotfiske/slumber/lab1/mac/source/RenderingHelper.cpp */,
                            0F47C1F66CB54F17A28B1C37 /* /Users/elliotfiske/slumber/lab1/mac/source/actor.cpp */,
                            CFB48F25BEB64C5795ECA02E /* /Users/elliotfiske/slumber/lab1/mac/source/assets.cpp */,
                            CBD719DF7FD6443896661959 /* /Users/elliotfiske/slumber/lab1/mac/source/camera.cpp */,
                            1766784154DB470C8BFD66F9 /* /Users/elliotfiske/slumber/lab1/mac/source/control.cpp */,
                            A8B81835DF504ECA87E2A4DB /* /Users/elliotfiske/slumber/lab1/mac/source/gamestate.cpp */,
                            E6813CEEB2A94463A7E02A55 /* /Users/elliotfiske/slumber/lab1/mac/source/main.cpp */,
                            B93AB4242F9143A08433D9C2 /* /Users/elliotfiske/slumber/lab1/mac/source/tiny_obj_loader.cc */,
                            31F5E0F8981E44BD8494E48D /* /Users/elliotfiske/slumber/lab1/mac/source/util.c */,
                            A582911577E94EB89118C17A /* /Users/elliotfiske/slumber/lab1/mac/source/windowsetup.cpp */,
                     );
                     runOnlyForDeploymentPostprocessing = 0;
              };
              74585432FFC64F1BB2B849A2 /* Sources */ = {
                     isa = PBXSourcesBuildPhase;
                     buildActionMask = 2147483647;
                     files = (
                            492987C632224579AA850993 /* /Users/elliotfiske/slumber/lab1/mac/dependencies/glfw/src/cocoa_init.m */,
                            94445EE2DED94C61A233FA0F /* /Users/elliotfiske/slumber/lab1/mac/dependencies/glfw/src/cocoa_monitor.m */,
                            D397285FDF124574A4319D9D /* /Users/elliotfiske/slumber/lab1/mac/dependencies/glfw/src/cocoa_window.m */,
                            8B742F298F7A4DFE99518905 /* /Users/elliotfiske/slumber/lab1/mac/dependencies/glfw/src/context.c */,
                            D3487706E2A1456799F27CF6 /* /Users/elliotfiske/slumber/lab1/mac/dependencies/glfw/src/init.c */,
                            35A0C545065342E9BB47949F /* /Users/elliotfiske/slumber/lab1/mac/dependencies/glfw/src/input.c */,
                            0A001351389848A8A01DC67D /* /Users/elliotfiske/slumber/lab1/mac/dependencies/glfw/src/iokit_joystick.m */,
                            6B91F41C8FD047418F496349 /* /Users/elliotfiske/slumber/lab1/mac/dependencies/glfw/src/mach_time.c */,
                            A975C49AE0F7427882CCF416 /* /Users/elliotfiske/slumber/lab1/mac/dependencies/glfw/src/monitor.c */,
                            0629F1B15EF3476E86407121 /* /Users/elliotfiske/slumber/lab1/mac/dependencies/glfw/src/nsgl_context.m */,
                            0447E1D9D9FD4896BB8EE74C /* /Users/elliotfiske/slumber/lab1/mac/dependencies/glfw/src/posix_tls.c */,
                            1880C7AF841D40A5927E2A42 /* /Users/elliotfiske/slumber/lab1/mac/dependencies/glfw/src/window.c */,
                     );
                     runOnlyForDeploymentPostprocessing = 0;
              };
/* End PBXSourcesBuildPhase section */

/* Begin PBXTargetDependency section */
              96E0E080635C426E97C89BF6 /* PBXTargetDependency */ = {
                     isa = PBXTargetDependency;
                     target = D82E16D92BDF40DCAFEE7BD3 /* ZERO_CHECK */;
                     targetProxy = 2219F7065866472C94179EB8 /* PBXContainerItemProxy */;
              };
              142FBC5C6F214BDD8512DB90 /* PBXTargetDependency */ = {
                     isa = PBXTargetDependency;
                     target = F40FB526C00246A6BB55BF6E /* Lab1 */;
                     targetProxy = 0AE0888DFC6C4047996126AE /* PBXContainerItemProxy */;
              };
              7FFAA117B71348138E338B99 /* PBXTargetDependency */ = {
                     isa = PBXTargetDependency;
                     target = 8C2CBDE024024668A8185A71 /* glfw */;
                     targetProxy = 7D0B3D980FC648D788C79206 /* PBXContainerItemProxy */;
              };
              7171F1B2DD0242358D7A3453 /* PBXTargetDependency */ = {
                     isa = PBXTargetDependency;
                     target = D82E16D92BDF40DCAFEE7BD3 /* ZERO_CHECK */;
                     targetProxy = AF8077264A9D4D869E19A451 /* PBXContainerItemProxy */;
              };
              3419AEFC289E4CA4ADC9FE82 /* PBXTargetDependency */ = {
                     isa = PBXTargetDependency;
                     target = 8C2CBDE024024668A8185A71 /* glfw */;
                     targetProxy = F4C0CF42915D463E921A46F8 /* PBXContainerItemProxy */;
              };
              4AFAD26797FE43F783DFDD09 /* PBXTargetDependency */ = {
                     isa = PBXTargetDependency;
                     target = D82E16D92BDF40DCAFEE7BD3 /* ZERO_CHECK */;
                     targetProxy = EA5CAA17C95F474C95F437E5 /* PBXContainerItemProxy */;
              };
/* End PBXTargetDependency section */

/* Begin XCBuildConfiguration section */
              4DAE3F712E5B4BE1A1D41D6E /* Debug */ = {
                     isa = XCBuildConfiguration;
                     buildSettings = {
                            ARCHS = "$(ARCHS_STANDARD_32_64_BIT)";
                            ONLY_ACTIVE_ARCH = YES;
                            SDKROOT = "/Applications/Xcode.app/Contents/Developer/Platforms/MacOSX.platform/Developer/SDKs/MacOSX10.10.sdk";
                            SYMROOT = /Users/elliotfiske/slumber/lab1/mac/built/build;
                     };
                     name = Debug;
              };
              3D305AD2256F47BBAAD8FF5A /* Release */ = {
                     isa = XCBuildConfiguration;
                     buildSettings = {
                            ARCHS = "$(ARCHS_STANDARD_32_64_BIT)";
                            ONLY_ACTIVE_ARCH = YES;
                            SDKROOT = "/Applications/Xcode.app/Contents/Developer/Platforms/MacOSX.platform/Developer/SDKs/MacOSX10.10.sdk";
                            SYMROOT = /Users/elliotfiske/slumber/lab1/mac/built/build;
                     };
                     name = Release;
              };
              F5C03F4850F04A9CBE4E2048 /* MinSizeRel */ = {
                     isa = XCBuildConfiguration;
                     buildSettings = {
                            ARCHS = "$(ARCHS_STANDARD_32_64_BIT)";
                            ONLY_ACTIVE_ARCH = YES;
                            SDKROOT = "/Applications/Xcode.app/Contents/Developer/Platforms/MacOSX.platform/Developer/SDKs/MacOSX10.10.sdk";
                            SYMROOT = /Users/elliotfiske/slumber/lab1/mac/built/build;
                     };
                     name = MinSizeRel;
              };
              463AD6D9ACBB4A288DBDB623 /* RelWithDebInfo */ = {
                     isa = XCBuildConfiguration;
                     buildSettings = {
                            ARCHS = "$(ARCHS_STANDARD_32_64_BIT)";
                            ONLY_ACTIVE_ARCH = YES;
                            SDKROOT = "/Applications/Xcode.app/Contents/Developer/Platforms/MacOSX.platform/Developer/SDKs/MacOSX10.10.sdk";
                            SYMROOT = /Users/elliotfiske/slumber/lab1/mac/built/build;
                     };
                     name = RelWithDebInfo;
              };
              84A8021B53154A3CA37D1EBF /* Debug */ = {
                     isa = XCBuildConfiguration;
                     buildSettings = {
                            COMBINE_HIDPI_IMAGES = YES;
                            GCC_GENERATE_DEBUGGING_SYMBOLS = NO;
                            GCC_INLINES_ARE_PRIVATE_EXTERN = NO;
                            GCC_OPTIMIZATION_LEVEL = 0;
                            GCC_PREPROCESSOR_DEFINITIONS = ("'CMAKE_INTDIR=\"$(CONFIGURATION)$(EFFECTIVE_PLATFORM_NAME)\"'", );
                            GCC_SYMBOLS_PRIVATE_EXTERN = NO;
                            HEADER_SEARCH_PATHS = (/Users/elliotfiske/slumber/lab1/mac/dependencies/glfw/include, /Users/elliotfiske/slumber/lab1/mac/dependencies/glad/include, );
                            INSTALL_PATH = "";
                            OTHER_CFLAGS = "  ";
                            OTHER_LDFLAGS = " ";
                            OTHER_REZFLAGS = "";
                            PRODUCT_NAME = ALL_BUILD;
                            SECTORDER_FLAGS = "";
                            SYMROOT = /Users/elliotfiske/slumber/lab1/mac/built;
                            USE_HEADERMAP = NO;
                            WARNING_CFLAGS = ("-Wmost", "-Wno-four-char-constants", "-Wno-unknown-pragmas", );
                     };
                     name = Debug;
              };
              01DC1F1319A245B3A450293C /* Release */ = {
                     isa = XCBuildConfiguration;
                     buildSettings = {
                            COMBINE_HIDPI_IMAGES = YES;
                            GCC_GENERATE_DEBUGGING_SYMBOLS = NO;
                            GCC_INLINES_ARE_PRIVATE_EXTERN = NO;
                            GCC_OPTIMIZATION_LEVEL = 0;
                            GCC_PREPROCESSOR_DEFINITIONS = ("'CMAKE_INTDIR=\"$(CONFIGURATION)$(EFFECTIVE_PLATFORM_NAME)\"'", );
                            GCC_SYMBOLS_PRIVATE_EXTERN = NO;
                            HEADER_SEARCH_PATHS = (/Users/elliotfiske/slumber/lab1/mac/dependencies/glfw/include, /Users/elliotfiske/slumber/lab1/mac/dependencies/glad/include, );
                            INSTALL_PATH = "";
                            OTHER_CFLAGS = "  ";
                            OTHER_LDFLAGS = " ";
                            OTHER_REZFLAGS = "";
                            PRODUCT_NAME = ALL_BUILD;
                            SECTORDER_FLAGS = "";
                            SYMROOT = /Users/elliotfiske/slumber/lab1/mac/built;
                            USE_HEADERMAP = NO;
                            WARNING_CFLAGS = ("-Wmost", "-Wno-four-char-constants", "-Wno-unknown-pragmas", );
                     };
                     name = Release;
              };
              73392B142EF9451FADC5F814 /* MinSizeRel */ = {
                     isa = XCBuildConfiguration;
                     buildSettings = {
                            COMBINE_HIDPI_IMAGES = YES;
                            GCC_GENERATE_DEBUGGING_SYMBOLS = NO;
                            GCC_INLINES_ARE_PRIVATE_EXTERN = NO;
                            GCC_OPTIMIZATION_LEVEL = 0;
                            GCC_PREPROCESSOR_DEFINITIONS = ("'CMAKE_INTDIR=\"$(CONFIGURATION)$(EFFECTIVE_PLATFORM_NAME)\"'", );
                            GCC_SYMBOLS_PRIVATE_EXTERN = NO;
                            HEADER_SEARCH_PATHS = (/Users/elliotfiske/slumber/lab1/mac/dependencies/glfw/include, /Users/elliotfiske/slumber/lab1/mac/dependencies/glad/include, );
                            INSTALL_PATH = "";
                            OTHER_CFLAGS = "  ";
                            OTHER_LDFLAGS = " ";
                            OTHER_REZFLAGS = "";
                            PRODUCT_NAME = ALL_BUILD;
                            SECTORDER_FLAGS = "";
                            SYMROOT = /Users/elliotfiske/slumber/lab1/mac/built;
                            USE_HEADERMAP = NO;
                            WARNING_CFLAGS = ("-Wmost", "-Wno-four-char-constants", "-Wno-unknown-pragmas", );
                     };
                     name = MinSizeRel;
              };
              075F01F362604A49A51E042D /* RelWithDebInfo */ = {
                     isa = XCBuildConfiguration;
                     buildSettings = {
                            COMBINE_HIDPI_IMAGES = YES;
                            GCC_GENERATE_DEBUGGING_SYMBOLS = NO;
                            GCC_INLINES_ARE_PRIVATE_EXTERN = NO;
                            GCC_OPTIMIZATION_LEVEL = 0;
                            GCC_PREPROCESSOR_DEFINITIONS = ("'CMAKE_INTDIR=\"$(CONFIGURATION)$(EFFECTIVE_PLATFORM_NAME)\"'", );
                            GCC_SYMBOLS_PRIVATE_EXTERN = NO;
                            HEADER_SEARCH_PATHS = (/Users/elliotfiske/slumber/lab1/mac/dependencies/glfw/include, /Users/elliotfiske/slumber/lab1/mac/dependencies/glad/include, );
                            INSTALL_PATH = "";
                            OTHER_CFLAGS = "  ";
                            OTHER_LDFLAGS = " ";
                            OTHER_REZFLAGS = "";
                            PRODUCT_NAME = ALL_BUILD;
                            SECTORDER_FLAGS = "";
                            SYMROOT = /Users/elliotfiske/slumber/lab1/mac/built;
                            USE_HEADERMAP = NO;
                            WARNING_CFLAGS = ("-Wmost", "-Wno-four-char-constants", "-Wno-unknown-pragmas", );
                     };
                     name = RelWithDebInfo;
              };
              1BA32371534A439AB44A8EB9 /* Debug */ = {
                     isa = XCBuildConfiguration;
                     buildSettings = {
                            COMBINE_HIDPI_IMAGES = YES;
                            EXECUTABLE_PREFIX = "";
                            EXECUTABLE_SUFFIX = "";
                            GCC_GENERATE_DEBUGGING_SYMBOLS = YES;
                            GCC_INLINES_ARE_PRIVATE_EXTERN = NO;
                            GCC_OPTIMIZATION_LEVEL = 0;
                            GCC_PREPROCESSOR_DEFINITIONS = ("'CMAKE_INTDIR=\"$(CONFIGURATION)$(EFFECTIVE_PLATFORM_NAME)\"'", );
                            GCC_SYMBOLS_PRIVATE_EXTERN = NO;
                            HEADER_SEARCH_PATHS = (/Users/elliotfiske/slumber/lab1/mac/dependencies/glfw/include, /Users/elliotfiske/slumber/lab1/mac/dependencies/glad/include, );
                            INSTALL_PATH = "";
                            LIBRARY_SEARCH_PATHS = "";
                            OTHER_CFLAGS = "    ";
                            OTHER_CPLUSPLUSFLAGS = "    ";
                            OTHER_LDFLAGS = " -Wl,-search_paths_first -Wl,-headerpad_max_install_names  /Users/elliotfiske/slumber/lab1/mac/built/dependencies/glfw/src/Debug/libglfw3.a -framework Cocoa -framework OpenGL -framework IOKit -framework CoreFoundation -framework CoreVideo";
                            OTHER_REZFLAGS = "";
                            PRODUCT_NAME = Lab1;
                            SECTORDER_FLAGS = "";
                            SYMROOT = /Users/elliotfiske/slumber/lab1/mac/built;
                            USE_HEADERMAP = NO;
                            WARNING_CFLAGS = ("-Wmost", "-Wno-four-char-constants", "-Wno-unknown-pragmas", );
                     };
                     name = Debug;
              };
              34BF9ECE6D324D35B763BF0C /* Release */ = {
                     isa = XCBuildConfiguration;
                     buildSettings = {
                            COMBINE_HIDPI_IMAGES = YES;
                            EXECUTABLE_PREFIX = "";
                            EXECUTABLE_SUFFIX = "";
                            GCC_GENERATE_DEBUGGING_SYMBOLS = NO;
                            GCC_INLINES_ARE_PRIVATE_EXTERN = NO;
                            GCC_OPTIMIZATION_LEVEL = 3;
                            GCC_PREPROCESSOR_DEFINITIONS = ("'CMAKE_INTDIR=\"$(CONFIGURATION)$(EFFECTIVE_PLATFORM_NAME)\"'", );
                            GCC_SYMBOLS_PRIVATE_EXTERN = NO;
                            HEADER_SEARCH_PATHS = (/Users/elliotfiske/slumber/lab1/mac/dependencies/glfw/include, /Users/elliotfiske/slumber/lab1/mac/dependencies/glad/include, );
                            INSTALL_PATH = "";
                            LIBRARY_SEARCH_PATHS = "";
                            OTHER_CFLAGS = "    -DNDEBUG  ";
                            OTHER_CPLUSPLUSFLAGS = "    -DNDEBUG  ";
                            OTHER_LDFLAGS = " -Wl,-search_paths_first -Wl,-headerpad_max_install_names  /Users/elliotfiske/slumber/lab1/mac/built/dependencies/glfw/src/Release/libglfw3.a -framework Cocoa -framework OpenGL -framework IOKit -framework CoreFoundation -framework CoreVideo";
                            OTHER_REZFLAGS = "";
                            PRODUCT_NAME = Lab1;
                            SECTORDER_FLAGS = "";
                            SYMROOT = /Users/elliotfiske/slumber/lab1/mac/built;
                            USE_HEADERMAP = NO;
                            WARNING_CFLAGS = ("-Wmost", "-Wno-four-char-constants", "-Wno-unknown-pragmas", );
                     };
                     name = Release;
              };
              7BEE17775EC540C191FEAF17 /* MinSizeRel */ = {
                     isa = XCBuildConfiguration;
                     buildSettings = {
                            COMBINE_HIDPI_IMAGES = YES;
                            EXECUTABLE_PREFIX = "";
                            EXECUTABLE_SUFFIX = "";
                            GCC_GENERATE_DEBUGGING_SYMBOLS = NO;
                            GCC_INLINES_ARE_PRIVATE_EXTERN = NO;
                            GCC_OPTIMIZATION_LEVEL = s;
                            GCC_PREPROCESSOR_DEFINITIONS = ("'CMAKE_INTDIR=\"$(CONFIGURATION)$(EFFECTIVE_PLATFORM_NAME)\"'", );
                            GCC_SYMBOLS_PRIVATE_EXTERN = NO;
                            HEADER_SEARCH_PATHS = (/Users/elliotfiske/slumber/lab1/mac/dependencies/glfw/include, /Users/elliotfiske/slumber/lab1/mac/dependencies/glad/include, );
                            INSTALL_PATH = "";
                            LIBRARY_SEARCH_PATHS = "";
                            OTHER_CFLAGS = "    -DNDEBUG  ";
                            OTHER_CPLUSPLUSFLAGS = "    -DNDEBUG  ";
                            OTHER_LDFLAGS = " -Wl,-search_paths_first -Wl,-headerpad_max_install_names  /Users/elliotfiske/slumber/lab1/mac/built/dependencies/glfw/src/MinSizeRel/libglfw3.a -framework Cocoa -framework OpenGL -framework IOKit -framework CoreFoundation -framework CoreVideo";
                            OTHER_REZFLAGS = "";
                            PRODUCT_NAME = Lab1;
                            SECTORDER_FLAGS = "";
                            SYMROOT = /Users/elliotfiske/slumber/lab1/mac/built;
                            USE_HEADERMAP = NO;
                            WARNING_CFLAGS = ("-Wmost", "-Wno-four-char-constants", "-Wno-unknown-pragmas", );
                     };
                     name = MinSizeRel;
              };
              F602DEC3C5114EFFA5DCA59B /* RelWithDebInfo */ = {
                     isa = XCBuildConfiguration;
                     buildSettings = {
                            COMBINE_HIDPI_IMAGES = YES;
                            EXECUTABLE_PREFIX = "";
                            EXECUTABLE_SUFFIX = "";
                            GCC_GENERATE_DEBUGGING_SYMBOLS = YES;
                            GCC_INLINES_ARE_PRIVATE_EXTERN = NO;
                            GCC_OPTIMIZATION_LEVEL = 2;
                            GCC_PREPROCESSOR_DEFINITIONS = ("'CMAKE_INTDIR=\"$(CONFIGURATION)$(EFFECTIVE_PLATFORM_NAME)\"'", );
                            GCC_SYMBOLS_PRIVATE_EXTERN = NO;
                            HEADER_SEARCH_PATHS = (/Users/elliotfiske/slumber/lab1/mac/dependencies/glfw/include, /Users/elliotfiske/slumber/lab1/mac/dependencies/glad/include, );
                            INSTALL_PATH = "";
                            LIBRARY_SEARCH_PATHS = "";
                            OTHER_CFLAGS = "       -DNDEBUG  ";
                            OTHER_CPLUSPLUSFLAGS = "       -DNDEBUG  ";
                            OTHER_LDFLAGS = " -Wl,-search_paths_first -Wl,-headerpad_max_install_names  /Users/elliotfiske/slumber/lab1/mac/built/dependencies/glfw/src/RelWithDebInfo/libglfw3.a -framework Cocoa -framework OpenGL -framework IOKit -framework CoreFoundation -framework CoreVideo";
                            OTHER_REZFLAGS = "";
                            PRODUCT_NAME = Lab1;
                            SECTORDER_FLAGS = "";
                            SYMROOT = /Users/elliotfiske/slumber/lab1/mac/built;
                            USE_HEADERMAP = NO;
                            WARNING_CFLAGS = ("-Wmost", "-Wno-four-char-constants", "-Wno-unknown-pragmas", );
                     };
                     name = RelWithDebInfo;
              };
              F41ED4EF1B934C98B47489A1 /* Debug */ = {
                     isa = XCBuildConfiguration;
                     buildSettings = {
                            COMBINE_HIDPI_IMAGES = YES;
                            GCC_GENERATE_DEBUGGING_SYMBOLS = NO;
                            GCC_INLINES_ARE_PRIVATE_EXTERN = NO;
                            GCC_OPTIMIZATION_LEVEL = 0;
                            GCC_PREPROCESSOR_DEFINITIONS = ("'CMAKE_INTDIR=\"$(CONFIGURATION)$(EFFECTIVE_PLATFORM_NAME)\"'", );
                            GCC_SYMBOLS_PRIVATE_EXTERN = NO;
                            HEADER_SEARCH_PATHS = (/Users/elliotfiske/slumber/lab1/mac/dependencies/glfw/include, /Users/elliotfiske/slumber/lab1/mac/dependencies/glad/include, );
                            INSTALL_PATH = "";
                            OTHER_CFLAGS = "  ";
                            OTHER_LDFLAGS = " ";
                            OTHER_REZFLAGS = "";
                            PRODUCT_NAME = ZERO_CHECK;
                            SECTORDER_FLAGS = "";
                            SYMROOT = /Users/elliotfiske/slumber/lab1/mac/built;
                            USE_HEADERMAP = NO;
                            WARNING_CFLAGS = ("-Wmost", "-Wno-four-char-constants", "-Wno-unknown-pragmas", );
                     };
                     name = Debug;
              };
              37B4486B003C460CA3515E8D /* Release */ = {
                     isa = XCBuildConfiguration;
                     buildSettings = {
                            COMBINE_HIDPI_IMAGES = YES;
                            GCC_GENERATE_DEBUGGING_SYMBOLS = NO;
                            GCC_INLINES_ARE_PRIVATE_EXTERN = NO;
                            GCC_OPTIMIZATION_LEVEL = 0;
                            GCC_PREPROCESSOR_DEFINITIONS = ("'CMAKE_INTDIR=\"$(CONFIGURATION)$(EFFECTIVE_PLATFORM_NAME)\"'", );
                            GCC_SYMBOLS_PRIVATE_EXTERN = NO;
                            HEADER_SEARCH_PATHS = (/Users/elliotfiske/slumber/lab1/mac/dependencies/glfw/include, /Users/elliotfiske/slumber/lab1/mac/dependencies/glad/include, );
                            INSTALL_PATH = "";
                            OTHER_CFLAGS = "  ";
                            OTHER_LDFLAGS = " ";
                            OTHER_REZFLAGS = "";
                            PRODUCT_NAME = ZERO_CHECK;
                            SECTORDER_FLAGS = "";
                            SYMROOT = /Users/elliotfiske/slumber/lab1/mac/built;
                            USE_HEADERMAP = NO;
                            WARNING_CFLAGS = ("-Wmost", "-Wno-four-char-constants", "-Wno-unknown-pragmas", );
                     };
                     name = Release;
              };
              F137F5085C1740EABC151C42 /* MinSizeRel */ = {
                     isa = XCBuildConfiguration;
                     buildSettings = {
                            COMBINE_HIDPI_IMAGES = YES;
                            GCC_GENERATE_DEBUGGING_SYMBOLS = NO;
                            GCC_INLINES_ARE_PRIVATE_EXTERN = NO;
                            GCC_OPTIMIZATION_LEVEL = 0;
                            GCC_PREPROCESSOR_DEFINITIONS = ("'CMAKE_INTDIR=\"$(CONFIGURATION)$(EFFECTIVE_PLATFORM_NAME)\"'", );
                            GCC_SYMBOLS_PRIVATE_EXTERN = NO;
                            HEADER_SEARCH_PATHS = (/Users/elliotfiske/slumber/lab1/mac/dependencies/glfw/include, /Users/elliotfiske/slumber/lab1/mac/dependencies/glad/include, );
                            INSTALL_PATH = "";
                            OTHER_CFLAGS = "  ";
                            OTHER_LDFLAGS = " ";
                            OTHER_REZFLAGS = "";
                            PRODUCT_NAME = ZERO_CHECK;
                            SECTORDER_FLAGS = "";
                            SYMROOT = /Users/elliotfiske/slumber/lab1/mac/built;
                            USE_HEADERMAP = NO;
                            WARNING_CFLAGS = ("-Wmost", "-Wno-four-char-constants", "-Wno-unknown-pragmas", );
                     };
                     name = MinSizeRel;
              };
              C5AADB4C827947FC9ED0137F /* RelWithDebInfo */ = {
                     isa = XCBuildConfiguration;
                     buildSettings = {
                            COMBINE_HIDPI_IMAGES = YES;
                            GCC_GENERATE_DEBUGGING_SYMBOLS = NO;
                            GCC_INLINES_ARE_PRIVATE_EXTERN = NO;
                            GCC_OPTIMIZATION_LEVEL = 0;
                            GCC_PREPROCESSOR_DEFINITIONS = ("'CMAKE_INTDIR=\"$(CONFIGURATION)$(EFFECTIVE_PLATFORM_NAME)\"'", );
                            GCC_SYMBOLS_PRIVATE_EXTERN = NO;
                            HEADER_SEARCH_PATHS = (/Users/elliotfiske/slumber/lab1/mac/dependencies/glfw/include, /Users/elliotfiske/slumber/lab1/mac/dependencies/glad/include, );
                            INSTALL_PATH = "";
                            OTHER_CFLAGS = "  ";
                            OTHER_LDFLAGS = " ";
                            OTHER_REZFLAGS = "";
                            PRODUCT_NAME = ZERO_CHECK;
                            SECTORDER_FLAGS = "";
                            SYMROOT = /Users/elliotfiske/slumber/lab1/mac/built;
                            USE_HEADERMAP = NO;
                            WARNING_CFLAGS = ("-Wmost", "-Wno-four-char-constants", "-Wno-unknown-pragmas", );
                     };
                     name = RelWithDebInfo;
              };
              EB579D5555D646C8BDECFE9A /* Debug */ = {
                     isa = XCBuildConfiguration;
                     buildSettings = {
                            COMBINE_HIDPI_IMAGES = YES;
                            EXECUTABLE_PREFIX = lib;
                            EXECUTABLE_SUFFIX = ".a";
                            GCC_GENERATE_DEBUGGING_SYMBOLS = YES;
                            GCC_INLINES_ARE_PRIVATE_EXTERN = NO;
                            GCC_OPTIMIZATION_LEVEL = 0;
                            GCC_PREPROCESSOR_DEFINITIONS = ("'CMAKE_INTDIR=\"$(CONFIGURATION)$(EFFECTIVE_PLATFORM_NAME)\"'", _GLFW_USE_CONFIG_H, );
                            GCC_SYMBOLS_PRIVATE_EXTERN = NO;
                            HEADER_SEARCH_PATHS = (/Users/elliotfiske/slumber/lab1/mac/dependencies/glfw/src, /Users/elliotfiske/slumber/lab1/mac/built/dependencies/glfw/src, );
                            INSTALL_PATH = "";
                            LIBRARY_STYLE = STATIC;
                            OTHER_CFLAGS = "   -fPIC   -Wall";
                            OTHER_LIBTOOLFLAGS = " ";
                            OTHER_REZFLAGS = "";
                            PRODUCT_NAME = glfw3;
                            SECTORDER_FLAGS = "";
                            SYMROOT = /Users/elliotfiske/slumber/lab1/mac/built/dependencies/glfw/src;
                            USE_HEADERMAP = NO;
                            WARNING_CFLAGS = ("-Wmost", "-Wno-four-char-constants", "-Wno-unknown-pragmas", );
                     };
                     name = Debug;
              };
              3CF232CC1AD34B55AA77240B /* Release */ = {
                     isa = XCBuildConfiguration;
                     buildSettings = {
                            COMBINE_HIDPI_IMAGES = YES;
                            EXECUTABLE_PREFIX = lib;
                            EXECUTABLE_SUFFIX = ".a";
                            GCC_GENERATE_DEBUGGING_SYMBOLS = NO;
                            GCC_INLINES_ARE_PRIVATE_EXTERN = NO;
                            GCC_OPTIMIZATION_LEVEL = 3;
                            GCC_PREPROCESSOR_DEFINITIONS = ("'CMAKE_INTDIR=\"$(CONFIGURATION)$(EFFECTIVE_PLATFORM_NAME)\"'", _GLFW_USE_CONFIG_H, );
                            GCC_SYMBOLS_PRIVATE_EXTERN = NO;
                            HEADER_SEARCH_PATHS = (/Users/elliotfiske/slumber/lab1/mac/dependencies/glfw/src, /Users/elliotfiske/slumber/lab1/mac/built/dependencies/glfw/src, );
                            INSTALL_PATH = "";
                            LIBRARY_STYLE = STATIC;
                            OTHER_CFLAGS = "    -DNDEBUG -fPIC   -Wall";
                            OTHER_LIBTOOLFLAGS = " ";
                            OTHER_REZFLAGS = "";
                            PRODUCT_NAME = glfw3;
                            SECTORDER_FLAGS = "";
                            SYMROOT = /Users/elliotfiske/slumber/lab1/mac/built/dependencies/glfw/src;
                            USE_HEADERMAP = NO;
                            WARNING_CFLAGS = ("-Wmost", "-Wno-four-char-constants", "-Wno-unknown-pragmas", );
                     };
                     name = Release;
              };
              911B765C7FEB40A685216238 /* MinSizeRel */ = {
                     isa = XCBuildConfiguration;
                     buildSettings = {
                            COMBINE_HIDPI_IMAGES = YES;
                            EXECUTABLE_PREFIX = lib;
                            EXECUTABLE_SUFFIX = ".a";
                            GCC_GENERATE_DEBUGGING_SYMBOLS = NO;
                            GCC_INLINES_ARE_PRIVATE_EXTERN = NO;
                            GCC_OPTIMIZATION_LEVEL = s;
                            GCC_PREPROCESSOR_DEFINITIONS = ("'CMAKE_INTDIR=\"$(CONFIGURATION)$(EFFECTIVE_PLATFORM_NAME)\"'", _GLFW_USE_CONFIG_H, );
                            GCC_SYMBOLS_PRIVATE_EXTERN = NO;
                            HEADER_SEARCH_PATHS = (/Users/elliotfiske/slumber/lab1/mac/dependencies/glfw/src, /Users/elliotfiske/slumber/lab1/mac/built/dependencies/glfw/src, );
                            INSTALL_PATH = "";
                            LIBRARY_STYLE = STATIC;
                            OTHER_CFLAGS = "    -DNDEBUG -fPIC   -Wall";
                            OTHER_LIBTOOLFLAGS = " ";
                            OTHER_REZFLAGS = "";
                            PRODUCT_NAME = glfw3;
                            SECTORDER_FLAGS = "";
                            SYMROOT = /Users/elliotfiske/slumber/lab1/mac/built/dependencies/glfw/src;
                            USE_HEADERMAP = NO;
                            WARNING_CFLAGS = ("-Wmost", "-Wno-four-char-constants", "-Wno-unknown-pragmas", );
                     };
                     name = MinSizeRel;
              };
              DF35F8605CE34755BA291483 /* RelWithDebInfo */ = {
                     isa = XCBuildConfiguration;
                     buildSettings = {
                            COMBINE_HIDPI_IMAGES = YES;
                            EXECUTABLE_PREFIX = lib;
                            EXECUTABLE_SUFFIX = ".a";
                            GCC_GENERATE_DEBUGGING_SYMBOLS = YES;
                            GCC_INLINES_ARE_PRIVATE_EXTERN = NO;
                            GCC_OPTIMIZATION_LEVEL = 2;
                            GCC_PREPROCESSOR_DEFINITIONS = ("'CMAKE_INTDIR=\"$(CONFIGURATION)$(EFFECTIVE_PLATFORM_NAME)\"'", _GLFW_USE_CONFIG_H, );
                            GCC_SYMBOLS_PRIVATE_EXTERN = NO;
                            HEADER_SEARCH_PATHS = (/Users/elliotfiske/slumber/lab1/mac/dependencies/glfw/src, /Users/elliotfiske/slumber/lab1/mac/built/dependencies/glfw/src, );
                            INSTALL_PATH = "";
                            LIBRARY_STYLE = STATIC;
                            OTHER_CFLAGS = "       -DNDEBUG -fPIC   -Wall";
                            OTHER_LIBTOOLFLAGS = " ";
                            OTHER_REZFLAGS = "";
                            PRODUCT_NAME = glfw3;
                            SECTORDER_FLAGS = "";
                            SYMROOT = /Users/elliotfiske/slumber/lab1/mac/built/dependencies/glfw/src;
                            USE_HEADERMAP = NO;
                            WARNING_CFLAGS = ("-Wmost", "-Wno-four-char-constants", "-Wno-unknown-pragmas", );
                     };
                     name = RelWithDebInfo;
              };
/* End XCBuildConfiguration section */

/* Begin XCConfigurationList section */
              1C2C518D19EC40289222CF7B /* Build configuration list for PBXProject  "Lab1" */ = {
                     isa = XCConfigurationList;
                     buildConfigurations = (
                            4DAE3F712E5B4BE1A1D41D6E /* Debug */,
                            3D305AD2256F47BBAAD8FF5A /* Release */,
                            F5C03F4850F04A9CBE4E2048 /* MinSizeRel */,
                            463AD6D9ACBB4A288DBDB623 /* RelWithDebInfo */,
                     );
                     defaultConfigurationIsVisible = 0;
                     defaultConfigurationName = Debug;
              };
              9654F4A1923140129C2EAF74 /* Build configuration list for PBXAggregateTarget "ALL_BUILD" */ = {
                     isa = XCConfigurationList;
                     buildConfigurations = (
                            84A8021B53154A3CA37D1EBF /* Debug */,
                            01DC1F1319A245B3A450293C /* Release */,
                            73392B142EF9451FADC5F814 /* MinSizeRel */,
                            075F01F362604A49A51E042D /* RelWithDebInfo */,
                     );
                     defaultConfigurationIsVisible = 0;
                     defaultConfigurationName = Debug;
              };
              6CD27C4B16054C0184C99D25 /* Build configuration list for PBXNativeTarget "Lab1" */ = {
                     isa = XCConfigurationList;
                     buildConfigurations = (
                            1BA32371534A439AB44A8EB9 /* Debug */,
                            34BF9ECE6D324D35B763BF0C /* Release */,
                            7BEE17775EC540C191FEAF17 /* MinSizeRel */,
                            F602DEC3C5114EFFA5DCA59B /* RelWithDebInfo */,
                     );
                     defaultConfigurationIsVisible = 0;
                     defaultConfigurationName = Debug;
              };
              459E4A9E36564690823680D6 /* Build configuration list for PBXAggregateTarget "ZERO_CHECK" */ = {
                     isa = XCConfigurationList;
                     buildConfigurations = (
                            F41ED4EF1B934C98B47489A1 /* Debug */,
                            37B4486B003C460CA3515E8D /* Release */,
                            F137F5085C1740EABC151C42 /* MinSizeRel */,
                            C5AADB4C827947FC9ED0137F /* RelWithDebInfo */,
                     );
                     defaultConfigurationIsVisible = 0;
                     defaultConfigurationName = Debug;
              };
              E6625C96325642D388FB2C3B /* Build configuration list for PBXNativeTarget "glfw" */ = {
                     isa = XCConfigurationList;
                     buildConfigurations = (
                            EB579D5555D646C8BDECFE9A /* Debug */,
                            3CF232CC1AD34B55AA77240B /* Release */,
                            911B765C7FEB40A685216238 /* MinSizeRel */,
                            DF35F8605CE34755BA291483 /* RelWithDebInfo */,
                     );
                     defaultConfigurationIsVisible = 0;
                     defaultConfigurationName = Debug;
              };
/* End XCConfigurationList section */
       };
       rootObject = 429BFAC151764D72B5D52FC0;
}
