// !$*UTF8*$!
{
       archiveVersion = 1;
       classes = {
       };
       objectVersion = 46;
       objects = {

/* Begin PBXAggregateTarget section */
              A617C2B75A3C4D1580760C0D /* ALL_BUILD */ = {
                     isa = PBXAggregateTarget;
                     buildConfigurationList = C14330044DC74F64B5192F98 /* Build configuration list for PBXAggregateTarget "ALL_BUILD" */;
                     buildPhases = (
                            D6C55BCF0AF54753B200748D /* CMake Rules */,
                     );
                     dependencies = (
                            353C376C0E1D41BFB48E1F06 /* PBXTargetDependency */,
                            8362F4B26B904687A045E35E /* PBXTargetDependency */,
                     );
                     name = ALL_BUILD;
                     productName = ALL_BUILD;
              };
              D82E16D92BDF40DCAFEE7BD3 /* ZERO_CHECK */ = {
                     isa = PBXAggregateTarget;
                     buildConfigurationList = 7DD6117CEDFB433A89F10066 /* Build configuration list for PBXAggregateTarget "ZERO_CHECK" */;
                     buildPhases = (
                            EDD1C5E8F77D4970A0198777 /* CMake Rules */,
                     );
                     dependencies = (
                     );
                     name = ZERO_CHECK;
                     productName = ZERO_CHECK;
              };
/* End PBXAggregateTarget section */

/* Begin PBXBuildFile section */
1F738B44B53E43E581C1CD28 /* /Users/elliotfiske/slumber/lab1/mac/built/dependencies/glfw/src/glfw_config.h */ = {isa = PBXBuildFile; fileRef = 83FE89B3D44C4DEEBD973C34 /* /Users/elliotfiske/slumber/lab1/mac/built/dependencies/glfw/src/glfw_config.h */; settings = { COMPILER_FLAGS = ""; }; };
38E8B77CC971435A867A44FF /* /Users/elliotfiske/slumber/lab1/mac/dependencies/glfw/include/GLFW/glfw3.h */ = {isa = PBXBuildFile; fileRef = 5EE3E439D3584D44B19BED3B /* /Users/elliotfiske/slumber/lab1/mac/dependencies/glfw/include/GLFW/glfw3.h */; settings = { COMPILER_FLAGS = ""; }; };
ADDFFE7923394CD7B664C782 /* /Users/elliotfiske/slumber/lab1/mac/dependencies/glfw/include/GLFW/glfw3native.h */ = {isa = PBXBuildFile; fileRef = 15EA4A73308943028E5E794F /* /Users/elliotfiske/slumber/lab1/mac/dependencies/glfw/include/GLFW/glfw3native.h */; settings = { COMPILER_FLAGS = ""; }; };
0A20898B19D04C8DA51AB0CA /* /Users/elliotfiske/slumber/lab1/mac/dependencies/glfw/src/CMakeLists.txt */ = {isa = PBXBuildFile; fileRef = D4AD699BB1C54ABC863233CF /* /Users/elliotfiske/slumber/lab1/mac/dependencies/glfw/src/CMakeLists.txt */; settings = { COMPILER_FLAGS = ""; }; };
367A2E51692049749F64005E /* /Users/elliotfiske/slumber/lab1/mac/dependencies/glfw/src/cocoa_init.m */ = {isa = PBXBuildFile; fileRef = 179C182DD0A0492591026FFE /* /Users/elliotfiske/slumber/lab1/mac/dependencies/glfw/src/cocoa_init.m */; settings = { COMPILER_FLAGS = ""; }; };
342F5EADE6F94235B05185C5 /* /Users/elliotfiske/slumber/lab1/mac/dependencies/glfw/src/cocoa_monitor.m */ = {isa = PBXBuildFile; fileRef = E235C0F249184E9EB953914A /* /Users/elliotfiske/slumber/lab1/mac/dependencies/glfw/src/cocoa_monitor.m */; settings = { COMPILER_FLAGS = ""; }; };
26CADAFB28E0493BA7A84699 /* /Users/elliotfiske/slumber/lab1/mac/dependencies/glfw/src/cocoa_platform.h */ = {isa = PBXBuildFile; fileRef = 04CB692960544648B51F98FE /* /Users/elliotfiske/slumber/lab1/mac/dependencies/glfw/src/cocoa_platform.h */; settings = { COMPILER_FLAGS = ""; }; };
74EB78C74D57461C997F7CBB /* /Users/elliotfiske/slumber/lab1/mac/dependencies/glfw/src/cocoa_window.m */ = {isa = PBXBuildFile; fileRef = 352DBC44C2C54C728732EFA6 /* /Users/elliotfiske/slumber/lab1/mac/dependencies/glfw/src/cocoa_window.m */; settings = { COMPILER_FLAGS = ""; }; };
4826A62DBEF74BB4AB156417 /* /Users/elliotfiske/slumber/lab1/mac/dependencies/glfw/src/context.c */ = {isa = PBXBuildFile; fileRef = 7289EF4E936C428CBE18E24D /* /Users/elliotfiske/slumber/lab1/mac/dependencies/glfw/src/context.c */; settings = { COMPILER_FLAGS = ""; }; };
88D3A53309A4415D8D57F1C2 /* /Users/elliotfiske/slumber/lab1/mac/dependencies/glfw/src/init.c */ = {isa = PBXBuildFile; fileRef = 348F1CF7566A45ED9D75D54F /* /Users/elliotfiske/slumber/lab1/mac/dependencies/glfw/src/init.c */; settings = { COMPILER_FLAGS = ""; }; };
AE5A7B4BBC67427DBB78F3A0 /* /Users/elliotfiske/slumber/lab1/mac/dependencies/glfw/src/input.c */ = {isa = PBXBuildFile; fileRef = CD190E5C8CB9406AAA14447F /* /Users/elliotfiske/slumber/lab1/mac/dependencies/glfw/src/input.c */; settings = { COMPILER_FLAGS = ""; }; };
5B306A57603941659418A1B3 /* /Users/elliotfiske/slumber/lab1/mac/dependencies/glfw/src/internal.h */ = {isa = PBXBuildFile; fileRef = 03C116AAE34F428DA00AB8F6 /* /Users/elliotfiske/slumber/lab1/mac/dependencies/glfw/src/internal.h */; settings = { COMPILER_FLAGS = ""; }; };
AF9D37008EDD41CCBD1ADC30 /* /Users/elliotfiske/slumber/lab1/mac/dependencies/glfw/src/iokit_joystick.h */ = {isa = PBXBuildFile; fileRef = 11AEB5E6CB25407F98A88505 /* /Users/elliotfiske/slumber/lab1/mac/dependencies/glfw/src/iokit_joystick.h */; settings = { COMPILER_FLAGS = ""; }; };
7499F08B855E42C489237CB3 /* /Users/elliotfiske/slumber/lab1/mac/dependencies/glfw/src/iokit_joystick.m */ = {isa = PBXBuildFile; fileRef = 55240BF1AD6249B7AA147DC9 /* /Users/elliotfiske/slumber/lab1/mac/dependencies/glfw/src/iokit_joystick.m */; settings = { COMPILER_FLAGS = ""; }; };
AA1CA00268C5428289AF28F5 /* /Users/elliotfiske/slumber/lab1/mac/dependencies/glfw/src/mach_time.c */ = {isa = PBXBuildFile; fileRef = 94D22F46365542AD89D7F5D9 /* /Users/elliotfiske/slumber/lab1/mac/dependencies/glfw/src/mach_time.c */; settings = { COMPILER_FLAGS = ""; }; };
97F5768408564E048FD845DD /* /Users/elliotfiske/slumber/lab1/mac/dependencies/glfw/src/monitor.c */ = {isa = PBXBuildFile; fileRef = 42E256BFF7564500A07D0F06 /* /Users/elliotfiske/slumber/lab1/mac/dependencies/glfw/src/monitor.c */; settings = { COMPILER_FLAGS = ""; }; };
A4D3DB737E3B4BCAAD012B5B /* /Users/elliotfiske/slumber/lab1/mac/dependencies/glfw/src/nsgl_context.h */ = {isa = PBXBuildFile; fileRef = 824682F324B14A20A6A289CE /* /Users/elliotfiske/slumber/lab1/mac/dependencies/glfw/src/nsgl_context.h */; settings = { COMPILER_FLAGS = ""; }; };
3EE7DAD6E7624DD885A737E8 /* /Users/elliotfiske/slumber/lab1/mac/dependencies/glfw/src/nsgl_context.m */ = {isa = PBXBuildFile; fileRef = 70655DE3BBB9433EB98B4C3B /* /Users/elliotfiske/slumber/lab1/mac/dependencies/glfw/src/nsgl_context.m */; settings = { COMPILER_FLAGS = ""; }; };
C212CB79AC6043AB9FA1C983 /* /Users/elliotfiske/slumber/lab1/mac/dependencies/glfw/src/posix_tls.c */ = {isa = PBXBuildFile; fileRef = 497B96A014C8465697DFB09E /* /Users/elliotfiske/slumber/lab1/mac/dependencies/glfw/src/posix_tls.c */; settings = { COMPILER_FLAGS = ""; }; };
D97E3EB35CF7486E9838F98E /* /Users/elliotfiske/slumber/lab1/mac/dependencies/glfw/src/posix_tls.h */ = {isa = PBXBuildFile; fileRef = 9EAE1F394EB74797B71A0FFA /* /Users/elliotfiske/slumber/lab1/mac/dependencies/glfw/src/posix_tls.h */; settings = { COMPILER_FLAGS = ""; }; };
89758CDEC33F4EB68FB1337A /* /Users/elliotfiske/slumber/lab1/mac/dependencies/glfw/src/window.c */ = {isa = PBXBuildFile; fileRef = 37C73D17BEBF42D0B595BD67 /* /Users/elliotfiske/slumber/lab1/mac/dependencies/glfw/src/window.c */; settings = { COMPILER_FLAGS = ""; }; };
/* End PBXBuildFile section */

/* Begin PBXBuildStyle section */
              FF037FD5005140C48D8A7F3A /*  */ = {
                     isa = PBXBuildStyle;
              };
              F79D9D6A733746F595F008F3 /* Debug */ = {
                     isa = PBXBuildStyle;
                     buildSettings = {
                            COPY_PHASE_STRIP = NO;
                     };
                     name = Debug;
              };
              CDF94C31A70449F8B1AE9DEC /* Release */ = {
                     isa = PBXBuildStyle;
                     buildSettings = {
                            COPY_PHASE_STRIP = NO;
                     };
                     name = Release;
              };
              709404C786B64CEC82445C7C /* MinSizeRel */ = {
                     isa = PBXBuildStyle;
                     buildSettings = {
                            COPY_PHASE_STRIP = NO;
                     };
                     name = MinSizeRel;
              };
              9BA2BC8BCA1147B8AFE8F2DE /* RelWithDebInfo */ = {
                     isa = PBXBuildStyle;
                     buildSettings = {
                            COPY_PHASE_STRIP = NO;
                     };
                     name = RelWithDebInfo;
              };
/* End PBXBuildStyle section */

/* Begin PBXContainerItemProxy section */
              EE1F53D9D853497F8E59AF88 /* PBXContainerItemProxy */ = {
                     isa = PBXContainerItemProxy;
                     containerPortal = A7615E7410EB4D7181BDD6CB /* Project object */;
                     proxyType = 1;
                     remoteGlobalIDString = 8C2CBDE024024668A8185A71;
                     remoteInfo = glfw;
              };
              93C8A73418FE411C8F1A6BD5 /* PBXContainerItemProxy */ = {
                     isa = PBXContainerItemProxy;
                     containerPortal = A7615E7410EB4D7181BDD6CB /* Project object */;
                     proxyType = 1;
                     remoteGlobalIDString = D82E16D92BDF40DCAFEE7BD3;
                     remoteInfo = ZERO_CHECK;
              };
/* End PBXContainerItemProxy section */

/* Begin PBXFileReference section */
0BF0384EB0EA4DDF8E4AB985 /* /Users/elliotfiske/slumber/lab1/mac/dependencies/glfw/CMakeLists.txt */ = {isa = PBXFileReference; explicitFileType = "sourcecode.text"; fileEncoding = 4; name = "CMakeLists.txt"; path = "CMakeLists.txt"; sourceTree = SOURCE_ROOT; };
93259B114FC3467A94D583A9 /* /Users/elliotfiske/slumber/lab1/mac/dependencies/glfw/CMakeLists.txt */ = {isa = PBXFileReference; explicitFileType = "sourcecode.text"; fileEncoding = 4; name = "CMakeLists.txt"; path = "CMakeLists.txt"; sourceTree = SOURCE_ROOT; };
83FE89B3D44C4DEEBD973C34 /* /Users/elliotfiske/slumber/lab1/mac/built/dependencies/glfw/src/glfw_config.h */ = {isa = PBXFileReference; explicitFileType = "sourcecode.c.h"; fileEncoding = 4; name = "glfw_config.h"; path = "../../built/dependencies/glfw/src/glfw_config.h"; sourceTree = SOURCE_ROOT; };
5EE3E439D3584D44B19BED3B /* /Users/elliotfiske/slumber/lab1/mac/dependencies/glfw/include/GLFW/glfw3.h */ = {isa = PBXFileReference; explicitFileType = "sourcecode.c.h"; fileEncoding = 4; name = "glfw3.h"; path = "include/GLFW/glfw3.h"; sourceTree = SOURCE_ROOT; };
15EA4A73308943028E5E794F /* /Users/elliotfiske/slumber/lab1/mac/dependencies/glfw/include/GLFW/glfw3native.h */ = {isa = PBXFileReference; explicitFileType = "sourcecode.c.h"; fileEncoding = 4; name = "glfw3native.h"; path = "include/GLFW/glfw3native.h"; sourceTree = SOURCE_ROOT; };
D4AD699BB1C54ABC863233CF /* /Users/elliotfiske/slumber/lab1/mac/dependencies/glfw/src/CMakeLists.txt */ = {isa = PBXFileReference; explicitFileType = "sourcecode.text"; fileEncoding = 4; name = "CMakeLists.txt"; path = "src/CMakeLists.txt"; sourceTree = SOURCE_ROOT; };
179C182DD0A0492591026FFE /* /Users/elliotfiske/slumber/lab1/mac/dependencies/glfw/src/cocoa_init.m */ = {isa = PBXFileReference; explicitFileType = "sourcecode.c.objc"; fileEncoding = 4; name = "cocoa_init.m"; path = "src/cocoa_init.m"; sourceTree = SOURCE_ROOT; };
E235C0F249184E9EB953914A /* /Users/elliotfiske/slumber/lab1/mac/dependencies/glfw/src/cocoa_monitor.m */ = {isa = PBXFileReference; explicitFileType = "sourcecode.c.objc"; fileEncoding = 4; name = "cocoa_monitor.m"; path = "src/cocoa_monitor.m"; sourceTree = SOURCE_ROOT; };
04CB692960544648B51F98FE /* /Users/elliotfiske/slumber/lab1/mac/dependencies/glfw/src/cocoa_platform.h */ = {isa = PBXFileReference; explicitFileType = "sourcecode.c.h"; fileEncoding = 4; name = "cocoa_platform.h"; path = "src/cocoa_platform.h"; sourceTree = SOURCE_ROOT; };
352DBC44C2C54C728732EFA6 /* /Users/elliotfiske/slumber/lab1/mac/dependencies/glfw/src/cocoa_window.m */ = {isa = PBXFileReference; explicitFileType = "sourcecode.c.objc"; fileEncoding = 4; name = "cocoa_window.m"; path = "src/cocoa_window.m"; sourceTree = SOURCE_ROOT; };
7289EF4E936C428CBE18E24D /* /Users/elliotfiske/slumber/lab1/mac/dependencies/glfw/src/context.c */ = {isa = PBXFileReference; explicitFileType = "sourcecode.c.c"; fileEncoding = 4; name = "context.c"; path = "src/context.c"; sourceTree = SOURCE_ROOT; };
348F1CF7566A45ED9D75D54F /* /Users/elliotfiske/slumber/lab1/mac/dependencies/glfw/src/init.c */ = {isa = PBXFileReference; explicitFileType = "sourcecode.c.c"; fileEncoding = 4; name = "init.c"; path = "src/init.c"; sourceTree = SOURCE_ROOT; };
CD190E5C8CB9406AAA14447F /* /Users/elliotfiske/slumber/lab1/mac/dependencies/glfw/src/input.c */ = {isa = PBXFileReference; explicitFileType = "sourcecode.c.c"; fileEncoding = 4; name = "input.c"; path = "src/input.c"; sourceTree = SOURCE_ROOT; };
03C116AAE34F428DA00AB8F6 /* /Users/elliotfiske/slumber/lab1/mac/dependencies/glfw/src/internal.h */ = {isa = PBXFileReference; explicitFileType = "sourcecode.c.h"; fileEncoding = 4; name = "internal.h"; path = "src/internal.h"; sourceTree = SOURCE_ROOT; };
11AEB5E6CB25407F98A88505 /* /Users/elliotfiske/slumber/lab1/mac/dependencies/glfw/src/iokit_joystick.h */ = {isa = PBXFileReference; explicitFileType = "sourcecode.c.h"; fileEncoding = 4; name = "iokit_joystick.h"; path = "src/iokit_joystick.h"; sourceTree = SOURCE_ROOT; };
55240BF1AD6249B7AA147DC9 /* /Users/elliotfiske/slumber/lab1/mac/dependencies/glfw/src/iokit_joystick.m */ = {isa = PBXFileReference; explicitFileType = "sourcecode.c.objc"; fileEncoding = 4; name = "iokit_joystick.m"; path = "src/iokit_joystick.m"; sourceTree = SOURCE_ROOT; };
94D22F46365542AD89D7F5D9 /* /Users/elliotfiske/slumber/lab1/mac/dependencies/glfw/src/mach_time.c */ = {isa = PBXFileReference; explicitFileType = "sourcecode.c.c"; fileEncoding = 4; name = "mach_time.c"; path = "src/mach_time.c"; sourceTree = SOURCE_ROOT; };
42E256BFF7564500A07D0F06 /* /Users/elliotfiske/slumber/lab1/mac/dependencies/glfw/src/monitor.c */ = {isa = PBXFileReference; explicitFileType = "sourcecode.c.c"; fileEncoding = 4; name = "monitor.c"; path = "src/monitor.c"; sourceTree = SOURCE_ROOT; };
824682F324B14A20A6A289CE /* /Users/elliotfiske/slumber/lab1/mac/dependencies/glfw/src/nsgl_context.h */ = {isa = PBXFileReference; explicitFileType = "sourcecode.c.h"; fileEncoding = 4; name = "nsgl_context.h"; path = "src/nsgl_context.h"; sourceTree = SOURCE_ROOT; };
70655DE3BBB9433EB98B4C3B /* /Users/elliotfiske/slumber/lab1/mac/dependencies/glfw/src/nsgl_context.m */ = {isa = PBXFileReference; explicitFileType = "sourcecode.c.objc"; fileEncoding = 4; name = "nsgl_context.m"; path = "src/nsgl_context.m"; sourceTree = SOURCE_ROOT; };
497B96A014C8465697DFB09E /* /Users/elliotfiske/slumber/lab1/mac/dependencies/glfw/src/posix_tls.c */ = {isa = PBXFileReference; explicitFileType = "sourcecode.c.c"; fileEncoding = 4; name = "posix_tls.c"; path = "src/posix_tls.c"; sourceTree = SOURCE_ROOT; };
9EAE1F394EB74797B71A0FFA /* /Users/elliotfiske/slumber/lab1/mac/dependencies/glfw/src/posix_tls.h */ = {isa = PBXFileReference; explicitFileType = "sourcecode.c.h"; fileEncoding = 4; name = "posix_tls.h"; path = "src/posix_tls.h"; sourceTree = SOURCE_ROOT; };
37C73D17BEBF42D0B595BD67 /* /Users/elliotfiske/slumber/lab1/mac/dependencies/glfw/src/window.c */ = {isa = PBXFileReference; explicitFileType = "sourcecode.c.c"; fileEncoding = 4; name = "window.c"; path = "src/window.c"; sourceTree = SOURCE_ROOT; };
0B83F5179C0A4B58B8F92773 /* glfw */ = {isa = PBXFileReference; explicitFileType = "archive.ar"; path = "libglfw3.a"; refType = 0; sourceTree = BUILT_PRODUCTS_DIR; };
/* End PBXFileReference section */

/* Begin PBXGroup section */
              0AC6E3606448484490D0BC66  = {
                     isa = PBXGroup;
                     children = (
                            C5159824B6004845981F5BBA /* Sources */,
                            8C1A0EACB0E849448CB81C64 /* Resources */,
                            0E2A96C3279349C580ED020B /* Products */,
                     );
                     sourceTree = "<group>";
              };
              C5159824B6004845981F5BBA /* Sources */ = {
                     isa = PBXGroup;
                     children = (
                            AB2FF9048C8844D487B24015 /* ALL_BUILD */,
                            7F77945FB4204374AE7DCDA0 /* ZERO_CHECK */,
                            AC816B3B6C1A445385E6A4A6 /* GLFW3 */,
                     );
                     name = Sources;
                     sourceTree = "<group>";
              };
              8C1A0EACB0E849448CB81C64 /* Resources */ = {
                     isa = PBXGroup;
                     children = (
                     );
                     name = Resources;
                     sourceTree = "<group>";
              };
              AB2FF9048C8844D487B24015 /* ALL_BUILD */ = {
                     isa = PBXGroup;
                     children = (
                            F4A194F2FC514B05A71B9DEC /* CMake Rules */,
                            0BF0384EB0EA4DDF8E4AB985 /* /Users/elliotfiske/slumber/lab1/mac/dependencies/glfw/CMakeLists.txt */,
                     );
                     name = ALL_BUILD;
                     sourceTree = "<group>";
              };
              F4A194F2FC514B05A71B9DEC /* CMake Rules */ = {
                     isa = PBXGroup;
                     children = (
                     );
                     name = "CMake Rules";
                     sourceTree = "<group>";
              };
              7F77945FB4204374AE7DCDA0 /* ZERO_CHECK */ = {
                     isa = PBXGroup;
                     children = (
                            45264269E4424FEBB01F5FD4 /* CMake Rules */,
                            93259B114FC3467A94D583A9 /* /Users/elliotfiske/slumber/lab1/mac/dependencies/glfw/CMakeLists.txt */,
                     );
                     name = ZERO_CHECK;
                     sourceTree = "<group>";
              };
              45264269E4424FEBB01F5FD4 /* CMake Rules */ = {
                     isa = PBXGroup;
                     children = (
                     );
                     name = "CMake Rules";
                     sourceTree = "<group>";
              };
              AC816B3B6C1A445385E6A4A6 /* GLFW3 */ = {
                     isa = PBXGroup;
                     children = (
                            894B6A45FA44410D8BBFF21B /* glfw */,
                     );
                     name = GLFW3;
                     sourceTree = "<group>";
              };
              894B6A45FA44410D8BBFF21B /* glfw */ = {
                     isa = PBXGroup;
                     children = (
                            2F195123CA6F4B2D9AD98F52 /* Source Files */,
                            E0F8959F684D4FFBA932B175 /* Header Files */,
                            D4AD699BB1C54ABC863233CF /* /Users/elliotfiske/slumber/lab1/mac/dependencies/glfw/src/CMakeLists.txt */,
                     );
                     name = glfw;
                     sourceTree = "<group>";
              };
              2F195123CA6F4B2D9AD98F52 /* Source Files */ = {
                     isa = PBXGroup;
                     children = (
                            179C182DD0A0492591026FFE /* /Users/elliotfiske/slumber/lab1/mac/dependencies/glfw/src/cocoa_init.m */,
                            E235C0F249184E9EB953914A /* /Users/elliotfiske/slumber/lab1/mac/dependencies/glfw/src/cocoa_monitor.m */,
                            352DBC44C2C54C728732EFA6 /* /Users/elliotfiske/slumber/lab1/mac/dependencies/glfw/src/cocoa_window.m */,
                            7289EF4E936C428CBE18E24D /* /Users/elliotfiske/slumber/lab1/mac/dependencies/glfw/src/context.c */,
                            348F1CF7566A45ED9D75D54F /* /Users/elliotfiske/slumber/lab1/mac/dependencies/glfw/src/init.c */,
                            CD190E5C8CB9406AAA14447F /* /Users/elliotfiske/slumber/lab1/mac/dependencies/glfw/src/input.c */,
                            55240BF1AD6249B7AA147DC9 /* /Users/elliotfiske/slumber/lab1/mac/dependencies/glfw/src/iokit_joystick.m */,
                            94D22F46365542AD89D7F5D9 /* /Users/elliotfiske/slumber/lab1/mac/dependencies/glfw/src/mach_time.c */,
                            42E256BFF7564500A07D0F06 /* /Users/elliotfiske/slumber/lab1/mac/dependencies/glfw/src/monitor.c */,
                            70655DE3BBB9433EB98B4C3B /* /Users/elliotfiske/slumber/lab1/mac/dependencies/glfw/src/nsgl_context.m */,
                            497B96A014C8465697DFB09E /* /Users/elliotfiske/slumber/lab1/mac/dependencies/glfw/src/posix_tls.c */,
                            37C73D17BEBF42D0B595BD67 /* /Users/elliotfiske/slumber/lab1/mac/dependencies/glfw/src/window.c */,
                     );
                     name = "Source Files";
                     sourceTree = "<group>";
              };
              E0F8959F684D4FFBA932B175 /* Header Files */ = {
                     isa = PBXGroup;
                     children = (
                            83FE89B3D44C4DEEBD973C34 /* /Users/elliotfiske/slumber/lab1/mac/built/dependencies/glfw/src/glfw_config.h */,
                            5EE3E439D3584D44B19BED3B /* /Users/elliotfiske/slumber/lab1/mac/dependencies/glfw/include/GLFW/glfw3.h */,
                            15EA4A73308943028E5E794F /* /Users/elliotfiske/slumber/lab1/mac/dependencies/glfw/include/GLFW/glfw3native.h */,
                            04CB692960544648B51F98FE /* /Users/elliotfiske/slumber/lab1/mac/dependencies/glfw/src/cocoa_platform.h */,
                            03C116AAE34F428DA00AB8F6 /* /Users/elliotfiske/slumber/lab1/mac/dependencies/glfw/src/internal.h */,
                            11AEB5E6CB25407F98A88505 /* /Users/elliotfiske/slumber/lab1/mac/dependencies/glfw/src/iokit_joystick.h */,
                            824682F324B14A20A6A289CE /* /Users/elliotfiske/slumber/lab1/mac/dependencies/glfw/src/nsgl_context.h */,
                            9EAE1F394EB74797B71A0FFA /* /Users/elliotfiske/slumber/lab1/mac/dependencies/glfw/src/posix_tls.h */,
                     );
                     name = "Header Files";
                     sourceTree = "<group>";
              };
              0E2A96C3279349C580ED020B /* Products */ = {
                     isa = PBXGroup;
                     children = (
                            0B83F5179C0A4B58B8F92773 /* glfw */,
                     );
                     name = Products;
                     sourceTree = "<group>";
              };
/* End PBXGroup section */

/* Begin PBXNativeTarget section */
              8C2CBDE024024668A8185A71 /* glfw */ = {
                     isa = PBXNativeTarget;
                     buildConfigurationList = 3D22CB04CA1D4ACF88B3B60F /* Build configuration list for PBXNativeTarget "glfw" */;
                     buildPhases = (
                            EB05AC8FA80C471EAD486B1E /* Sources */,
                     );
                     buildRules = (
                     );
                     dependencies = (
                     );
                     name = glfw;
                     productName = glfw;
                     productReference = 0B83F5179C0A4B58B8F92773 /* glfw */;
                     productType = "com.apple.product-type.library.static";
              };
/* End PBXNativeTarget section */

/* Begin PBXProject section */
              A7615E7410EB4D7181BDD6CB /* Project object */ = {
                     isa = PBXProject;
                     attributes = {
                            BuildIndependentTargetsInParallel = YES;
                     };
                     buildConfigurationList = 15412BF539594D449DE61981 /* Build configuration list for PBXProject  "GLFW" */;
                     buildSettings = {
                     };
                     buildStyles = (
                            F79D9D6A733746F595F008F3 /* Debug */,
                            CDF94C31A70449F8B1AE9DEC /* Release */,
                            709404C786B64CEC82445C7C /* MinSizeRel */,
                            9BA2BC8BCA1147B8AFE8F2DE /* RelWithDebInfo */,
                     );
                     compatibilityVersion = "Xcode 3.2";
                     hasScannedForEncodings = 0;
                     mainGroup = 0AC6E3606448484490D0BC66;
                     projectDirPath = "../../../dependencies/glfw";
                     projectRoot = "";
                     targets = (
                            A617C2B75A3C4D1580760C0D /* ALL_BUILD */,
                            D82E16D92BDF40DCAFEE7BD3 /* ZERO_CHECK */,
                            8C2CBDE024024668A8185A71 /* glfw */,
                     );
              };
/* End PBXProject section */

/* Begin PBXShellScriptBuildPhase section */
              5BDBE4EA18D341929337C9C4 /*  */ = {
                     isa = PBXShellScriptBuildPhase;
                     buildActionMask = 2147483647;
                     files = (
                     );
                     inputPaths = (
                     );
                     outputPaths = (
                     );
                     runOnlyForDeploymentPostprocessing = 0;
                     shellPath = /bin/sh;
                     shellScript = "# shell script goes here
exit 0";
                     showEnvVarsInLog = 0;
              };
              D6C55BCF0AF54753B200748D /* CMake Rules */ = {
                     isa = PBXShellScriptBuildPhase;
                     buildActionMask = 2147483647;
                     files = (
                     );
                     name = "CMake Rules";
                     runOnlyForDeploymentPostprocessing = 0;
                     shellPath = /bin/sh;
                     shellScript = "make -C /Users/elliotfiske/slumber/lab1/mac/built/dependencies/glfw -f /Users/elliotfiske/slumber/lab1/mac/built/dependencies/glfw/CMakeScripts/ALL_BUILD_cmakeRulesBuildPhase.make$CONFIGURATION all";
                     showEnvVarsInLog = 0;
              };
              059E7735DA044422BD5EB7B8 /*  */ = {
                     isa = PBXShellScriptBuildPhase;
                     buildActionMask = 2147483647;
                     files = (
                     );
                     inputPaths = (
                     );
                     outputPaths = (
                     );
                     runOnlyForDeploymentPostprocessing = 0;
                     shellPath = /bin/sh;
                     shellScript = "# shell script goes here
exit 0";
                     showEnvVarsInLog = 0;
              };
              EDD1C5E8F77D4970A0198777 /* CMake Rules */ = {
                     isa = PBXShellScriptBuildPhase;
                     buildActionMask = 2147483647;
                     files = (
                     );
                     name = "CMake Rules";
                     runOnlyForDeploymentPostprocessing = 0;
                     shellPath = /bin/sh;
                     shellScript = "make -C /Users/elliotfiske/slumber/lab1/mac/built/dependencies/glfw -f /Users/elliotfiske/slumber/lab1/mac/built/dependencies/glfw/CMakeScripts/ZERO_CHECK_cmakeRulesBuildPhase.make$CONFIGURATION all";
                     showEnvVarsInLog = 0;
              };
/* End PBXShellScriptBuildPhase section */

/* Begin PBXSourcesBuildPhase section */
              EB05AC8FA80C471EAD486B1E /* Sources */ = {
                     isa = PBXSourcesBuildPhase;
                     buildActionMask = 2147483647;
                     files = (
                            367A2E51692049749F64005E /* /Users/elliotfiske/slumber/lab1/mac/dependencies/glfw/src/cocoa_init.m */,
                            342F5EADE6F94235B05185C5 /* /Users/elliotfiske/slumber/lab1/mac/dependencies/glfw/src/cocoa_monitor.m */,
                            74EB78C74D57461C997F7CBB /* /Users/elliotfiske/slumber/lab1/mac/dependencies/glfw/src/cocoa_window.m */,
                            4826A62DBEF74BB4AB156417 /* /Users/elliotfiske/slumber/lab1/mac/dependencies/glfw/src/context.c */,
                            88D3A53309A4415D8D57F1C2 /* /Users/elliotfiske/slumber/lab1/mac/dependencies/glfw/src/init.c */,
                            AE5A7B4BBC67427DBB78F3A0 /* /Users/elliotfiske/slumber/lab1/mac/dependencies/glfw/src/input.c */,
                            7499F08B855E42C489237CB3 /* /Users/elliotfiske/slumber/lab1/mac/dependencies/glfw/src/iokit_joystick.m */,
                            AA1CA00268C5428289AF28F5 /* /Users/elliotfiske/slumber/lab1/mac/dependencies/glfw/src/mach_time.c */,
                            97F5768408564E048FD845DD /* /Users/elliotfiske/slumber/lab1/mac/dependencies/glfw/src/monitor.c */,
                            3EE7DAD6E7624DD885A737E8 /* /Users/elliotfiske/slumber/lab1/mac/dependencies/glfw/src/nsgl_context.m */,
                            C212CB79AC6043AB9FA1C983 /* /Users/elliotfiske/slumber/lab1/mac/dependencies/glfw/src/posix_tls.c */,
                            89758CDEC33F4EB68FB1337A /* /Users/elliotfiske/slumber/lab1/mac/dependencies/glfw/src/window.c */,
                     );
                     runOnlyForDeploymentPostprocessing = 0;
              };
/* End PBXSourcesBuildPhase section */

/* Begin PBXTargetDependency section */
              353C376C0E1D41BFB48E1F06 /* PBXTargetDependency */ = {
                     isa = PBXTargetDependency;
                     target = 8C2CBDE024024668A8185A71 /* glfw */;
                     targetProxy = EE1F53D9D853497F8E59AF88 /* PBXContainerItemProxy */;
              };
              8362F4B26B904687A045E35E /* PBXTargetDependency */ = {
                     isa = PBXTargetDependency;
                     target = D82E16D92BDF40DCAFEE7BD3 /* ZERO_CHECK */;
                     targetProxy = 93C8A73418FE411C8F1A6BD5 /* PBXContainerItemProxy */;
              };
/* End PBXTargetDependency section */

/* Begin XCBuildConfiguration section */
              27EB40E846564CA7814D661B /* Debug */ = {
                     isa = XCBuildConfiguration;
                     buildSettings = {
                            ARCHS = "$(ARCHS_STANDARD_32_64_BIT)";
                            ONLY_ACTIVE_ARCH = YES;
                            SDKROOT = "/Applications/Xcode.app/Contents/Developer/Platforms/MacOSX.platform/Developer/SDKs/MacOSX10.10.sdk";
                            SYMROOT = /Users/elliotfiske/slumber/lab1/mac/built/dependencies/glfw/build;
                     };
                     name = Debug;
              };
              F98638836DE64373BC47779E /* Release */ = {
                     isa = XCBuildConfiguration;
                     buildSettings = {
                            ARCHS = "$(ARCHS_STANDARD_32_64_BIT)";
                            ONLY_ACTIVE_ARCH = YES;
                            SDKROOT = "/Applications/Xcode.app/Contents/Developer/Platforms/MacOSX.platform/Developer/SDKs/MacOSX10.10.sdk";
                            SYMROOT = /Users/elliotfiske/slumber/lab1/mac/built/dependencies/glfw/build;
                     };
                     name = Release;
              };
              19F8794D08E84A30B1552340 /* MinSizeRel */ = {
                     isa = XCBuildConfiguration;
                     buildSettings = {
                            ARCHS = "$(ARCHS_STANDARD_32_64_BIT)";
                            ONLY_ACTIVE_ARCH = YES;
                            SDKROOT = "/Applications/Xcode.app/Contents/Developer/Platforms/MacOSX.platform/Developer/SDKs/MacOSX10.10.sdk";
                            SYMROOT = /Users/elliotfiske/slumber/lab1/mac/built/dependencies/glfw/build;
                     };
                     name = MinSizeRel;
              };
              8F4B415421F04C9E826ABBD4 /* RelWithDebInfo */ = {
                     isa = XCBuildConfiguration;
                     buildSettings = {
                            ARCHS = "$(ARCHS_STANDARD_32_64_BIT)";
                            ONLY_ACTIVE_ARCH = YES;
                            SDKROOT = "/Applications/Xcode.app/Contents/Developer/Platforms/MacOSX.platform/Developer/SDKs/MacOSX10.10.sdk";
                            SYMROOT = /Users/elliotfiske/slumber/lab1/mac/built/dependencies/glfw/build;
                     };
                     name = RelWithDebInfo;
              };
              545C0EE12F514D7A8BC3BE0C /* Debug */ = {
                     isa = XCBuildConfiguration;
                     buildSettings = {
                            COMBINE_HIDPI_IMAGES = YES;
                            GCC_GENERATE_DEBUGGING_SYMBOLS = NO;
                            GCC_INLINES_ARE_PRIVATE_EXTERN = NO;
                            GCC_OPTIMIZATION_LEVEL = 0;
                            GCC_PREPROCESSOR_DEFINITIONS = ("'CMAKE_INTDIR=\"$(CONFIGURATION)$(EFFECTIVE_PLATFORM_NAME)\"'", );
                            GCC_SYMBOLS_PRIVATE_EXTERN = NO;
                            INSTALL_PATH = "";
                            OTHER_CFLAGS = "   -Wall";
                            OTHER_LDFLAGS = " ";
                            OTHER_REZFLAGS = "";
                            PRODUCT_NAME = ALL_BUILD;
                            SECTORDER_FLAGS = "";
                            SYMROOT = /Users/elliotfiske/slumber/lab1/mac/built/dependencies/glfw;
                            USE_HEADERMAP = NO;
                            WARNING_CFLAGS = ("-Wmost", "-Wno-four-char-constants", "-Wno-unknown-pragmas", );
                     };
                     name = Debug;
              };
              226FF1FCA4724A9396FBDDDC /* Release */ = {
                     isa = XCBuildConfiguration;
                     buildSettings = {
                            COMBINE_HIDPI_IMAGES = YES;
                            GCC_GENERATE_DEBUGGING_SYMBOLS = NO;
                            GCC_INLINES_ARE_PRIVATE_EXTERN = NO;
                            GCC_OPTIMIZATION_LEVEL = 0;
                            GCC_PREPROCESSOR_DEFINITIONS = ("'CMAKE_INTDIR=\"$(CONFIGURATION)$(EFFECTIVE_PLATFORM_NAME)\"'", );
                            GCC_SYMBOLS_PRIVATE_EXTERN = NO;
                            INSTALL_PATH = "";
                            OTHER_CFLAGS = "   -Wall";
                            OTHER_LDFLAGS = " ";
                            OTHER_REZFLAGS = "";
                            PRODUCT_NAME = ALL_BUILD;
                            SECTORDER_FLAGS = "";
                            SYMROOT = /Users/elliotfiske/slumber/lab1/mac/built/dependencies/glfw;
                            USE_HEADERMAP = NO;
                            WARNING_CFLAGS = ("-Wmost", "-Wno-four-char-constants", "-Wno-unknown-pragmas", );
                     };
                     name = Release;
              };
              FF84837B581B474695B7486F /* MinSizeRel */ = {
                     isa = XCBuildConfiguration;
                     buildSettings = {
                            COMBINE_HIDPI_IMAGES = YES;
                            GCC_GENERATE_DEBUGGING_SYMBOLS = NO;
                            GCC_INLINES_ARE_PRIVATE_EXTERN = NO;
                            GCC_OPTIMIZATION_LEVEL = 0;
                            GCC_PREPROCESSOR_DEFINITIONS = ("'CMAKE_INTDIR=\"$(CONFIGURATION)$(EFFECTIVE_PLATFORM_NAME)\"'", );
                            GCC_SYMBOLS_PRIVATE_EXTERN = NO;
                            INSTALL_PATH = "";
                            OTHER_CFLAGS = "   -Wall";
                            OTHER_LDFLAGS = " ";
                            OTHER_REZFLAGS = "";
                            PRODUCT_NAME = ALL_BUILD;
                            SECTORDER_FLAGS = "";
                            SYMROOT = /Users/elliotfiske/slumber/lab1/mac/built/dependencies/glfw;
                            USE_HEADERMAP = NO;
                            WARNING_CFLAGS = ("-Wmost", "-Wno-four-char-constants", "-Wno-unknown-pragmas", );
                     };
                     name = MinSizeRel;
              };
              91EB4EE1FD3B48B19315B2DC /* RelWithDebInfo */ = {
                     isa = XCBuildConfiguration;
                     buildSettings = {
                            COMBINE_HIDPI_IMAGES = YES;
                            GCC_GENERATE_DEBUGGING_SYMBOLS = NO;
                            GCC_INLINES_ARE_PRIVATE_EXTERN = NO;
                            GCC_OPTIMIZATION_LEVEL = 0;
                            GCC_PREPROCESSOR_DEFINITIONS = ("'CMAKE_INTDIR=\"$(CONFIGURATION)$(EFFECTIVE_PLATFORM_NAME)\"'", );
                            GCC_SYMBOLS_PRIVATE_EXTERN = NO;
                            INSTALL_PATH = "";
                            OTHER_CFLAGS = "   -Wall";
                            OTHER_LDFLAGS = " ";
                            OTHER_REZFLAGS = "";
                            PRODUCT_NAME = ALL_BUILD;
                            SECTORDER_FLAGS = "";
                            SYMROOT = /Users/elliotfiske/slumber/lab1/mac/built/dependencies/glfw;
                            USE_HEADERMAP = NO;
                            WARNING_CFLAGS = ("-Wmost", "-Wno-four-char-constants", "-Wno-unknown-pragmas", );
                     };
                     name = RelWithDebInfo;
              };
              31F7184D731542C3B355F566 /* Debug */ = {
                     isa = XCBuildConfiguration;
                     buildSettings = {
                            COMBINE_HIDPI_IMAGES = YES;
                            GCC_GENERATE_DEBUGGING_SYMBOLS = NO;
                            GCC_INLINES_ARE_PRIVATE_EXTERN = NO;
                            GCC_OPTIMIZATION_LEVEL = 0;
                            GCC_PREPROCESSOR_DEFINITIONS = ("'CMAKE_INTDIR=\"$(CONFIGURATION)$(EFFECTIVE_PLATFORM_NAME)\"'", );
                            GCC_SYMBOLS_PRIVATE_EXTERN = NO;
                            INSTALL_PATH = "";
                            OTHER_CFLAGS = "   -Wall";
                            OTHER_LDFLAGS = " ";
                            OTHER_REZFLAGS = "";
                            PRODUCT_NAME = ZERO_CHECK;
                            SECTORDER_FLAGS = "";
                            SYMROOT = /Users/elliotfiske/slumber/lab1/mac/built/dependencies/glfw;
                            USE_HEADERMAP = NO;
                            WARNING_CFLAGS = ("-Wmost", "-Wno-four-char-constants", "-Wno-unknown-pragmas", );
                     };
                     name = Debug;
              };
              0C29C3B51B95487B90A896D2 /* Release */ = {
                     isa = XCBuildConfiguration;
                     buildSettings = {
                            COMBINE_HIDPI_IMAGES = YES;
                            GCC_GENERATE_DEBUGGING_SYMBOLS = NO;
                            GCC_INLINES_ARE_PRIVATE_EXTERN = NO;
                            GCC_OPTIMIZATION_LEVEL = 0;
                            GCC_PREPROCESSOR_DEFINITIONS = ("'CMAKE_INTDIR=\"$(CONFIGURATION)$(EFFECTIVE_PLATFORM_NAME)\"'", );
                            GCC_SYMBOLS_PRIVATE_EXTERN = NO;
                            INSTALL_PATH = "";
                            OTHER_CFLAGS = "   -Wall";
                            OTHER_LDFLAGS = " ";
                            OTHER_REZFLAGS = "";
                            PRODUCT_NAME = ZERO_CHECK;
                            SECTORDER_FLAGS = "";
                            SYMROOT = /Users/elliotfiske/slumber/lab1/mac/built/dependencies/glfw;
                            USE_HEADERMAP = NO;
                            WARNING_CFLAGS = ("-Wmost", "-Wno-four-char-constants", "-Wno-unknown-pragmas", );
                     };
                     name = Release;
              };
              2D62E8D7E2FC4A9AA65CA8C1 /* MinSizeRel */ = {
                     isa = XCBuildConfiguration;
                     buildSettings = {
                            COMBINE_HIDPI_IMAGES = YES;
                            GCC_GENERATE_DEBUGGING_SYMBOLS = NO;
                            GCC_INLINES_ARE_PRIVATE_EXTERN = NO;
                            GCC_OPTIMIZATION_LEVEL = 0;
                            GCC_PREPROCESSOR_DEFINITIONS = ("'CMAKE_INTDIR=\"$(CONFIGURATION)$(EFFECTIVE_PLATFORM_NAME)\"'", );
                            GCC_SYMBOLS_PRIVATE_EXTERN = NO;
                            INSTALL_PATH = "";
                            OTHER_CFLAGS = "   -Wall";
                            OTHER_LDFLAGS = " ";
                            OTHER_REZFLAGS = "";
                            PRODUCT_NAME = ZERO_CHECK;
                            SECTORDER_FLAGS = "";
                            SYMROOT = /Users/elliotfiske/slumber/lab1/mac/built/dependencies/glfw;
                            USE_HEADERMAP = NO;
                            WARNING_CFLAGS = ("-Wmost", "-Wno-four-char-constants", "-Wno-unknown-pragmas", );
                     };
                     name = MinSizeRel;
              };
              4C436047F26841AEA9DBE169 /* RelWithDebInfo */ = {
                     isa = XCBuildConfiguration;
                     buildSettings = {
                            COMBINE_HIDPI_IMAGES = YES;
                            GCC_GENERATE_DEBUGGING_SYMBOLS = NO;
                            GCC_INLINES_ARE_PRIVATE_EXTERN = NO;
                            GCC_OPTIMIZATION_LEVEL = 0;
                            GCC_PREPROCESSOR_DEFINITIONS = ("'CMAKE_INTDIR=\"$(CONFIGURATION)$(EFFECTIVE_PLATFORM_NAME)\"'", );
                            GCC_SYMBOLS_PRIVATE_EXTERN = NO;
                            INSTALL_PATH = "";
                            OTHER_CFLAGS = "   -Wall";
                            OTHER_LDFLAGS = " ";
                            OTHER_REZFLAGS = "";
                            PRODUCT_NAME = ZERO_CHECK;
                            SECTORDER_FLAGS = "";
                            SYMROOT = /Users/elliotfiske/slumber/lab1/mac/built/dependencies/glfw;
                            USE_HEADERMAP = NO;
                            WARNING_CFLAGS = ("-Wmost", "-Wno-four-char-constants", "-Wno-unknown-pragmas", );
                     };
                     name = RelWithDebInfo;
              };
              7D9FA3A8CDF34EFCAB6AB4B6 /* Debug */ = {
                     isa = XCBuildConfiguration;
                     buildSettings = {
                            COMBINE_HIDPI_IMAGES = YES;
                            EXECUTABLE_PREFIX = lib;
                            EXECUTABLE_SUFFIX = ".a";
                            GCC_GENERATE_DEBUGGING_SYMBOLS = YES;
                            GCC_INLINES_ARE_PRIVATE_EXTERN = NO;
                            GCC_OPTIMIZATION_LEVEL = 0;
                            GCC_PREPROCESSOR_DEFINITIONS = ("'CMAKE_INTDIR=\"$(CONFIGURATION)$(EFFECTIVE_PLATFORM_NAME)\"'", _GLFW_USE_CONFIG_H, );
                            GCC_SYMBOLS_PRIVATE_EXTERN = NO;
                            HEADER_SEARCH_PATHS = (/Users/elliotfiske/slumber/lab1/mac/dependencies/glfw/src, /Users/elliotfiske/slumber/lab1/mac/built/dependencies/glfw/src, );
                            INSTALL_PATH = "";
                            LIBRARY_STYLE = STATIC;
                            OTHER_CFLAGS = "   -fPIC   -Wall";
                            OTHER_LIBTOOLFLAGS = " ";
                            OTHER_REZFLAGS = "";
                            PRODUCT_NAME = glfw3;
                            SECTORDER_FLAGS = "";
                            SYMROOT = /Users/elliotfiske/slumber/lab1/mac/built/dependencies/glfw/src;
                            USE_HEADERMAP = NO;
                            WARNING_CFLAGS = ("-Wmost", "-Wno-four-char-constants", "-Wno-unknown-pragmas", );
                     };
                     name = Debug;
              };
              42AAC2156B224D499CD45359 /* Release */ = {
                     isa = XCBuildConfiguration;
                     buildSettings = {
                            COMBINE_HIDPI_IMAGES = YES;
                            EXECUTABLE_PREFIX = lib;
                            EXECUTABLE_SUFFIX = ".a";
                            GCC_GENERATE_DEBUGGING_SYMBOLS = NO;
                            GCC_INLINES_ARE_PRIVATE_EXTERN = NO;
                            GCC_OPTIMIZATION_LEVEL = 3;
                            GCC_PREPROCESSOR_DEFINITIONS = ("'CMAKE_INTDIR=\"$(CONFIGURATION)$(EFFECTIVE_PLATFORM_NAME)\"'", _GLFW_USE_CONFIG_H, );
                            GCC_SYMBOLS_PRIVATE_EXTERN = NO;
                            HEADER_SEARCH_PATHS = (/Users/elliotfiske/slumber/lab1/mac/dependencies/glfw/src, /Users/elliotfiske/slumber/lab1/mac/built/dependencies/glfw/src, );
                            INSTALL_PATH = "";
                            LIBRARY_STYLE = STATIC;
                            OTHER_CFLAGS = "    -DNDEBUG -fPIC   -Wall";
                            OTHER_LIBTOOLFLAGS = " ";
                            OTHER_REZFLAGS = "";
                            PRODUCT_NAME = glfw3;
                            SECTORDER_FLAGS = "";
                            SYMROOT = /Users/elliotfiske/slumber/lab1/mac/built/dependencies/glfw/src;
                            USE_HEADERMAP = NO;
                            WARNING_CFLAGS = ("-Wmost", "-Wno-four-char-constants", "-Wno-unknown-pragmas", );
                     };
                     name = Release;
              };
              9AA3636E28814A4E8FCF222B /* MinSizeRel */ = {
                     isa = XCBuildConfiguration;
                     buildSettings = {
                            COMBINE_HIDPI_IMAGES = YES;
                            EXECUTABLE_PREFIX = lib;
                            EXECUTABLE_SUFFIX = ".a";
                            GCC_GENERATE_DEBUGGING_SYMBOLS = NO;
                            GCC_INLINES_ARE_PRIVATE_EXTERN = NO;
                            GCC_OPTIMIZATION_LEVEL = s;
                            GCC_PREPROCESSOR_DEFINITIONS = ("'CMAKE_INTDIR=\"$(CONFIGURATION)$(EFFECTIVE_PLATFORM_NAME)\"'", _GLFW_USE_CONFIG_H, );
                            GCC_SYMBOLS_PRIVATE_EXTERN = NO;
                            HEADER_SEARCH_PATHS = (/Users/elliotfiske/slumber/lab1/mac/dependencies/glfw/src, /Users/elliotfiske/slumber/lab1/mac/built/dependencies/glfw/src, );
                            INSTALL_PATH = "";
                            LIBRARY_STYLE = STATIC;
                            OTHER_CFLAGS = "    -DNDEBUG -fPIC   -Wall";
                            OTHER_LIBTOOLFLAGS = " ";
                            OTHER_REZFLAGS = "";
                            PRODUCT_NAME = glfw3;
                            SECTORDER_FLAGS = "";
                            SYMROOT = /Users/elliotfiske/slumber/lab1/mac/built/dependencies/glfw/src;
                            USE_HEADERMAP = NO;
                            WARNING_CFLAGS = ("-Wmost", "-Wno-four-char-constants", "-Wno-unknown-pragmas", );
                     };
                     name = MinSizeRel;
              };
              021DF2CB79F54F96A1AA9285 /* RelWithDebInfo */ = {
                     isa = XCBuildConfiguration;
                     buildSettings = {
                            COMBINE_HIDPI_IMAGES = YES;
                            EXECUTABLE_PREFIX = lib;
                            EXECUTABLE_SUFFIX = ".a";
                            GCC_GENERATE_DEBUGGING_SYMBOLS = YES;
                            GCC_INLINES_ARE_PRIVATE_EXTERN = NO;
                            GCC_OPTIMIZATION_LEVEL = 2;
                            GCC_PREPROCESSOR_DEFINITIONS = ("'CMAKE_INTDIR=\"$(CONFIGURATION)$(EFFECTIVE_PLATFORM_NAME)\"'", _GLFW_USE_CONFIG_H, );
                            GCC_SYMBOLS_PRIVATE_EXTERN = NO;
                            HEADER_SEARCH_PATHS = (/Users/elliotfiske/slumber/lab1/mac/dependencies/glfw/src, /Users/elliotfiske/slumber/lab1/mac/built/dependencies/glfw/src, );
                            INSTALL_PATH = "";
                            LIBRARY_STYLE = STATIC;
                            OTHER_CFLAGS = "       -DNDEBUG -fPIC   -Wall";
                            OTHER_LIBTOOLFLAGS = " ";
                            OTHER_REZFLAGS = "";
                            PRODUCT_NAME = glfw3;
                            SECTORDER_FLAGS = "";
                            SYMROOT = /Users/elliotfiske/slumber/lab1/mac/built/dependencies/glfw/src;
                            USE_HEADERMAP = NO;
                            WARNING_CFLAGS = ("-Wmost", "-Wno-four-char-constants", "-Wno-unknown-pragmas", );
                     };
                     name = RelWithDebInfo;
              };
/* End XCBuildConfiguration section */

/* Begin XCConfigurationList section */
              15412BF539594D449DE61981 /* Build configuration list for PBXProject  "GLFW" */ = {
                     isa = XCConfigurationList;
                     buildConfigurations = (
                            27EB40E846564CA7814D661B /* Debug */,
                            F98638836DE64373BC47779E /* Release */,
                            19F8794D08E84A30B1552340 /* MinSizeRel */,
                            8F4B415421F04C9E826ABBD4 /* RelWithDebInfo */,
                     );
                     defaultConfigurationIsVisible = 0;
                     defaultConfigurationName = Debug;
              };
              C14330044DC74F64B5192F98 /* Build configuration list for PBXAggregateTarget "ALL_BUILD" */ = {
                     isa = XCConfigurationList;
                     buildConfigurations = (
                            545C0EE12F514D7A8BC3BE0C /* Debug */,
                            226FF1FCA4724A9396FBDDDC /* Release */,
                            FF84837B581B474695B7486F /* MinSizeRel */,
                            91EB4EE1FD3B48B19315B2DC /* RelWithDebInfo */,
                     );
                     defaultConfigurationIsVisible = 0;
                     defaultConfigurationName = Debug;
              };
              7DD6117CEDFB433A89F10066 /* Build configuration list for PBXAggregateTarget "ZERO_CHECK" */ = {
                     isa = XCConfigurationList;
                     buildConfigurations = (
                            31F7184D731542C3B355F566 /* Debug */,
                            0C29C3B51B95487B90A896D2 /* Release */,
                            2D62E8D7E2FC4A9AA65CA8C1 /* MinSizeRel */,
                            4C436047F26841AEA9DBE169 /* RelWithDebInfo */,
                     );
                     defaultConfigurationIsVisible = 0;
                     defaultConfigurationName = Debug;
              };
              3D22CB04CA1D4ACF88B3B60F /* Build configuration list for PBXNativeTarget "glfw" */ = {
                     isa = XCConfigurationList;
                     buildConfigurations = (
                            7D9FA3A8CDF34EFCAB6AB4B6 /* Debug */,
                            42AAC2156B224D499CD45359 /* Release */,
                            9AA3636E28814A4E8FCF222B /* MinSizeRel */,
                            021DF2CB79F54F96A1AA9285 /* RelWithDebInfo */,
                     );
                     defaultConfigurationIsVisible = 0;
                     defaultConfigurationName = Debug;
              };
/* End XCConfigurationList section */
       };
       rootObject = A7615E7410EB4D7181BDD6CB;
}
